// !$*UTF8*$!
{
	archiveVersion = 1;
	classes = {
	};
	objectVersion = 46;
	objects = {
/* Begin PBXBuildFile section */
		0207DA581B56EA530066E2B4 /* Images.xcassets in Resources */ = {isa = PBXBuildFile; fileRef = 0207DA571B56EA530066E2B4 /* Images.xcassets */; };
		1D3623260D0F684500981E51 /* AppDelegate.m in Sources */ = {isa = PBXBuildFile; fileRef = 1D3623250D0F684500981E51 /* AppDelegate.m */; };
		1D60589B0D05DD56006BFB54 /* main.m in Sources */ = {isa = PBXBuildFile; fileRef = 29B97316FDCFA39411CA2CEA /* main.m */; };
		301BF552109A68D80062928A /* libCordova.a in Frameworks */ = {isa = PBXBuildFile; fileRef = 301BF535109A57CC0062928A /* libCordova.a */; };
		302D95F114D2391D003F00A1 /* MainViewController.m in Sources */ = {isa = PBXBuildFile; fileRef = 302D95EF14D2391D003F00A1 /* MainViewController.m */; };
		302D95F214D2391D003F00A1 /* MainViewController.xib in Resources */ = {isa = PBXBuildFile; fileRef = 302D95F014D2391D003F00A1 /* MainViewController.xib */; };
		3047A5121AB8059700498E2A /* build-debug.xcconfig in Resources */ = {isa = PBXBuildFile; fileRef = 3047A50F1AB8059700498E2A /* build-debug.xcconfig */; };
		3047A5131AB8059700498E2A /* build-release.xcconfig in Resources */ = {isa = PBXBuildFile; fileRef = 3047A5101AB8059700498E2A /* build-release.xcconfig */; };
		3047A5141AB8059700498E2A /* build.xcconfig in Resources */ = {isa = PBXBuildFile; fileRef = 3047A5111AB8059700498E2A /* build.xcconfig */; };
		6AFF5BF91D6E424B00AB3073 /* CDVLaunchScreen.storyboard in Resources */ = {isa = PBXBuildFile; fileRef = 6AFF5BF81D6E424B00AB3073 /* CDVLaunchScreen.storyboard */; };
		2956AC2E8EDE4C6E9CAF24C0 /* CDVLogger.m in Sources */ = {isa = PBXBuildFile; fileRef = 1EE11EAFC1484E48B62F3697 /* CDVLogger.m */; };
		3CD934DE2317421C8D17ABE2 /* CDVDevice.m in Sources */ = {isa = PBXBuildFile; fileRef = 2D4806561D784511B16CD86F /* CDVDevice.m */; };
		2C4BB4E1F08742E682ED027E /* libz.tbd in Frameworks */ = {isa = PBXBuildFile; fileRef = 1D19EA8374AB471090D005F1 /* libz.tbd */; };
		20C1BF5A2DEA4D77A6B6A514 /* CDVNotification.m in Sources */ = {isa = PBXBuildFile; fileRef = 52EDF8BE81F74EC6A2E56E95 /* CDVNotification.m */; };
		237D46A7B23749059ED2BF3B /* CDVNotification.bundle in Resources */ = {isa = PBXBuildFile; fileRef = 67A6800FA110418B88682121 /* CDVNotification.bundle */; };
		87CF95E22771465BB8E271C8 /* AudioToolbox.framework in Frameworks */ = {isa = PBXBuildFile; fileRef = 05D7208713D14F6F9F401826 /* AudioToolbox.framework */; settings = {ATTRIBUTES = (Weak, ); }; };
		E27932486A6A4360A5E7BAFD /* GooglePlus.m in Sources */ = {isa = PBXBuildFile; fileRef = 961C7F6BC9D047299C87BC51 /* GooglePlus.m */; };
		FF41004298374BCDA915D033 /* GoogleAppUtilities.framework in Frameworks */ = {isa = PBXBuildFile; fileRef = 24549DDF04064E789FDA0FF7 /* GoogleAppUtilities.framework */; };
		21F7070DE36D424690EC5106 /* GoogleAuthUtilities.framework in Frameworks */ = {isa = PBXBuildFile; fileRef = 10859B99F0324ECEB7347E29 /* GoogleAuthUtilities.framework */; };
		8641FB5B10EE4EAA9EA17731 /* GoogleNetworkingUtilities.framework in Frameworks */ = {isa = PBXBuildFile; fileRef = CFAA281713304CFD815068C5 /* GoogleNetworkingUtilities.framework */; };
		3E4326699D454045B521E746 /* GoogleSignIn.framework in Frameworks */ = {isa = PBXBuildFile; fileRef = 4DF1D44AEBD44F93A83137F9 /* GoogleSignIn.framework */; };
		E6CF0AD387BC49E1958D109E /* GoogleSymbolUtilities.framework in Frameworks */ = {isa = PBXBuildFile; fileRef = 6A0B9CDF306B4F42A310BDF4 /* GoogleSymbolUtilities.framework */; };
		232816639FAE4DB0AE621541 /* GoogleUtilities.framework in Frameworks */ = {isa = PBXBuildFile; fileRef = 6112374847D948C3BB1D4DC4 /* GoogleUtilities.framework */; };
		8D462BD08019421D9E56B487 /* AddressBook.framework in Frameworks */ = {isa = PBXBuildFile; fileRef = 1514424336864B679054A348 /* AddressBook.framework */; settings = {ATTRIBUTES = (Weak, ); }; };
		0FB82C3948F54C61BBA4EB71 /* CoreText.framework in Frameworks */ = {isa = PBXBuildFile; fileRef = 48304177412B4537A4682FE8 /* CoreText.framework */; settings = {ATTRIBUTES = (Weak, ); }; };
		EED2DDFCAC86401291C7D5BC /* SafariServices.framework in Frameworks */ = {isa = PBXBuildFile; fileRef = 42497E36DEEF44D8ABF7D00A /* SafariServices.framework */; settings = {ATTRIBUTES = (Weak, ); }; };
		6E8B093736B546F9A4D2F004 /* Security.framework in Frameworks */ = {isa = PBXBuildFile; fileRef = F0C2720E20D8499A8342FE37 /* Security.framework */; settings = {ATTRIBUTES = (Weak, ); }; };
		964EB14867C54765BDF6D310 /* SystemConfiguration.framework in Frameworks */ = {isa = PBXBuildFile; fileRef = 745985616735439F98363B4B /* SystemConfiguration.framework */; settings = {ATTRIBUTES = (Weak, ); }; };
		438FB64530EA46B6B28AC7B6 /* libz.dylib in Frameworks */ = {isa = PBXBuildFile; fileRef = C0CD726080C7449D87BEEA26 /* libz.dylib */; settings = {ATTRIBUTES = (Weak, ); }; };
		8A84F9F1930B4C7FB4095C8E /* CDVInAppBrowser.m in Sources */ = {isa = PBXBuildFile; fileRef = 06CD9096347649F79754D6F9 /* CDVInAppBrowser.m */; };
		369E5FB510B64D16B54B9593 /* CDVConnection.m in Sources */ = {isa = PBXBuildFile; fileRef = 6771844954184E7A9CD42BE5 /* CDVConnection.m */; };
		318EE121CA0A4591902E66F2 /* CDVReachability.m in Sources */ = {isa = PBXBuildFile; fileRef = B46FE158C5A24A06B7933F27 /* CDVReachability.m */; };
		BAD2F459183945D79F90054B /* CoreTelephony.framework in Frameworks */ = {isa = PBXBuildFile; fileRef = 6D266824EBB344CD8EF042E3 /* CoreTelephony.framework */; };
		610804D4E3AC4762BB630EC1 /* CDVVibration.m in Sources */ = {isa = PBXBuildFile; fileRef = FC18DB9759CA4BA6BC64F837 /* CDVVibration.m */; };
		C211B4BD52D547A296FCF4C6 /* CDVFile.m in Sources */ = {isa = PBXBuildFile; fileRef = CA84B818803048B49D2931C8 /* CDVFile.m */; };
		0177DBB7DA8A4120BEC7C8EC /* CDVLocalFilesystem.m in Sources */ = {isa = PBXBuildFile; fileRef = C4F74D7C06034F108387EEEA /* CDVLocalFilesystem.m */; };
		B886895BF5AE4A50BAF0FDD5 /* CDVAssetLibraryFilesystem.m in Sources */ = {isa = PBXBuildFile; fileRef = 0280F44B16C74501894DCE79 /* CDVAssetLibraryFilesystem.m */; };
		E298C4F437C54133A6102440 /* CDVFileTransfer.m in Sources */ = {isa = PBXBuildFile; fileRef = AD85BEC15AE142CDAAB2A308 /* CDVFileTransfer.m */; };
		235077D602A444D9B437B482 /* ZipPlugin.m in Sources */ = {isa = PBXBuildFile; fileRef = E950978AF322451BAC789729 /* ZipPlugin.m */; };
		D0F2AF558E1E464FA4D6BC71 /* aescrypt.c in Resources */ = {isa = PBXBuildFile; fileRef = 2D07B8722EED466799932DD4 /* aescrypt.c */; };
		B0AF1E13BC124CE8A7C29078 /* aeskey.c in Resources */ = {isa = PBXBuildFile; fileRef = E91CCE0F35C94FC08178AA9D /* aeskey.c */; };
		98436160CAA746D484677DD6 /* aestab.c in Resources */ = {isa = PBXBuildFile; fileRef = 6D970FEF8CF64D97BDF77465 /* aestab.c */; };
		D5DF68D8043A482BA931B898 /* entropy.c in Resources */ = {isa = PBXBuildFile; fileRef = 1AE0C31D48AC44D7B043715F /* entropy.c */; };
		BABA97DE844C4EE0BC2AD0BA /* fileenc.c in Resources */ = {isa = PBXBuildFile; fileRef = 840693496A40450B98D2973D /* fileenc.c */; };
		6E291B9C142A490AA7AC946F /* hmac.c in Resources */ = {isa = PBXBuildFile; fileRef = A7C0BDFCB2E14B42B4175B46 /* hmac.c */; };
		B427A91CE0514EF9BC60EDCF /* prng.c in Resources */ = {isa = PBXBuildFile; fileRef = 4E81F156F71B4FDA95CC4D79 /* prng.c */; };
		09957192E0DF4C62B31893E9 /* pwd2key.c in Resources */ = {isa = PBXBuildFile; fileRef = 81CCDD825C264C9BA91EBE24 /* pwd2key.c */; };
		5ABEC0904AEE484F8C3589AE /* sha1.c in Resources */ = {isa = PBXBuildFile; fileRef = 99C6D2968F8B48F28B9B25AB /* sha1.c */; };
		2D231BE4E1A04E118B834C8A /* SSZipArchive.m in Sources */ = {isa = PBXBuildFile; fileRef = 790BBAEA6511414788157A06 /* SSZipArchive.m */; };
		338256010A1D46429B79D3F5 /* zip.c in Resources */ = {isa = PBXBuildFile; fileRef = 3B80F0692D714494B6131D67 /* zip.c */; };
		8B5C9BCD23E94BDAA24CB37A /* unzip.c in Resources */ = {isa = PBXBuildFile; fileRef = 7082FCDE31B84CA3B77E28D2 /* unzip.c */; };
		2F73323312BE400AA37192A9 /* mztools.c in Resources */ = {isa = PBXBuildFile; fileRef = 839A010BEA3444D7ACDE3B48 /* mztools.c */; };
		839B60B8F7E5469F9E416E81 /* ioapi.c in Resources */ = {isa = PBXBuildFile; fileRef = E7555E8767F34B4FB9C297B8 /* ioapi.c */; };
		D7EA9874645046368D2F8649 /* CDVWKWebViewEngine+CodePush.m in Sources */ = {isa = PBXBuildFile; fileRef = 83F117D149B5403C9C92F98E /* CDVWKWebViewEngine+CodePush.m */; };
		7221241795224280B9716D1E /* CodePush.m in Sources */ = {isa = PBXBuildFile; fileRef = 2B73B522A0D943FF9C488E41 /* CodePush.m */; };
		3D4E0C4580414998A9D0F9CA /* CodePushPackageMetadata.m in Sources */ = {isa = PBXBuildFile; fileRef = 3964C8B6708F4786AB0CAE53 /* CodePushPackageMetadata.m */; };
		BAC9669F3AE54D138BF3B9F6 /* CodePushPackageManager.m in Sources */ = {isa = PBXBuildFile; fileRef = B239D535455A4748A849C4B5 /* CodePushPackageManager.m */; };
		B7B3B71AF20A4D2298E309F4 /* CodePushReportingManager.m in Sources */ = {isa = PBXBuildFile; fileRef = 3D9E54B1C4E94D9CAB3E0E0A /* CodePushReportingManager.m */; };
		D113E7BA6E2548F49E49E09D /* InstallOptions.m in Sources */ = {isa = PBXBuildFile; fileRef = FFFA931F3C164131B040A4B4 /* InstallOptions.m */; };
		9580837D38BB45049D41BA3A /* StatusReport.m in Sources */ = {isa = PBXBuildFile; fileRef = E3EE8799F5354D4B9D0606D4 /* StatusReport.m */; };
		A2CAF333347F470695B6748F /* UpdateHashUtils.m in Sources */ = {isa = PBXBuildFile; fileRef = 9118C83920AD4AEAB28FA1B4 /* UpdateHashUtils.m */; };
		B38EECCBC27D4BE7B5707671 /* Utilities.m in Sources */ = {isa = PBXBuildFile; fileRef = 81D98F604D274DB5A0FEA6AA /* Utilities.m */; };
		2F39143C7E864BB6BAC7B343 /* CodePushJWTAlgorithmFactory.m in Sources */ = {isa = PBXBuildFile; fileRef = EAF45514126546EDACA0797B /* CodePushJWTAlgorithmFactory.m */; };
		4AFCCFB54E2A4E1BB3DAABDB /* CodePushJWTAlgorithmNone.m in Sources */ = {isa = PBXBuildFile; fileRef = 0E9A1AC54B844B6680FA56AB /* CodePushJWTAlgorithmNone.m */; };
		C14E207F68124AEB9FDE8248 /* CodePushJWTAlgorithmESBase.m in Sources */ = {isa = PBXBuildFile; fileRef = 259F0F162B2840D9843E8EAD /* CodePushJWTAlgorithmESBase.m */; };
		BBCEFB1DF361499A844716CA /* CodePushJWTAlgorithmDataHolder.m in Sources */ = {isa = PBXBuildFile; fileRef = F91F1EC6C78542BFAAEC028C /* CodePushJWTAlgorithmDataHolder.m */; };
		282CE2D3060340E1930CC99A /* CodePushJWTAlgorithmDataHolderChain.m in Sources */ = {isa = PBXBuildFile; fileRef = 07CAF0C7F5B9422F897C27F8 /* CodePushJWTAlgorithmDataHolderChain.m */; };
		39C5DA17E1DC4B82813767E3 /* CodePushJWTAlgorithmHSBase.m in Sources */ = {isa = PBXBuildFile; fileRef = CB640C4BADC64683B3525052 /* CodePushJWTAlgorithmHSBase.m */; };
		CF9152147A934C829005DDF1 /* CodePushJWTAlgorithmRSBase.m in Sources */ = {isa = PBXBuildFile; fileRef = C1A85489C9F649D18E1C2771 /* CodePushJWTAlgorithmRSBase.m */; };
		81F1BB36271F47E188F6388C /* CodePushJWTCryptoKey.m in Sources */ = {isa = PBXBuildFile; fileRef = A4E1761F4AEE48D2963C2B75 /* CodePushJWTCryptoKey.m */; };
		0051686A4D1E4A529A1B53FC /* CodePushJWTCryptoKeyExtractor.m in Sources */ = {isa = PBXBuildFile; fileRef = 9C43EE6020294582A8A77B0C /* CodePushJWTCryptoKeyExtractor.m */; };
		608FDB1E7E8A4B3F9C07758A /* CodePushJWTCryptoSecurity.m in Sources */ = {isa = PBXBuildFile; fileRef = E991B30D5F4D4F96A2F5EBDE /* CodePushJWTCryptoSecurity.m */; };
		F6553581271C47E9A1D9E843 /* CodePushJWTClaim.m in Sources */ = {isa = PBXBuildFile; fileRef = 61E87F776D984504A8D709FC /* CodePushJWTClaim.m */; };
		BA935916B7FE466095CB7C1B /* CodePushJWTClaimsSet.m in Sources */ = {isa = PBXBuildFile; fileRef = 969A766A18F14E2882BFDC9E /* CodePushJWTClaimsSet.m */; };
		D4387E3DFA214954B400E25F /* CodePushJWTClaimsSetSerializer.m in Sources */ = {isa = PBXBuildFile; fileRef = 73ECFE54193B45E18D78D641 /* CodePushJWTClaimsSetSerializer.m */; };
		C58BD67CE54C49CEA787F979 /* CodePushJWTClaimsSetVerifier.m in Sources */ = {isa = PBXBuildFile; fileRef = CDB7B8BA6F0447459CE0F27A /* CodePushJWTClaimsSetVerifier.m */; };
		021FADE9155D40C3A5A8F1AB /* CodePushJWTCoding+ResultTypes.m in Sources */ = {isa = PBXBuildFile; fileRef = 16D25090B3D444AB81909D15 /* CodePushJWTCoding+ResultTypes.m */; };
		6815EA0B8A764C799D24F9F8 /* CodePushJWTCoding+VersionOne.m in Sources */ = {isa = PBXBuildFile; fileRef = FCD0D6F969154778A4B0E591 /* CodePushJWTCoding+VersionOne.m */; };
		4A5DD375094C428C98082010 /* CodePushJWTCoding+VersionThree.m in Sources */ = {isa = PBXBuildFile; fileRef = 160B559CFBF74453B7980704 /* CodePushJWTCoding+VersionThree.m */; };
		C8EA48FA97DD4DA58641C27C /* CodePushJWTCoding+VersionTwo.m in Sources */ = {isa = PBXBuildFile; fileRef = 893B01E018724F05B6BFC6FC /* CodePushJWTCoding+VersionTwo.m */; };
		9B1A5A23A4FE4D268D7954D2 /* CodePushJWTCoding.m in Sources */ = {isa = PBXBuildFile; fileRef = 0BA1A26AD4824A9DACE9A211 /* CodePushJWTCoding.m */; };
		22B7F455FAD84E82BC899285 /* CodePushJWTBase64Coder.m in Sources */ = {isa = PBXBuildFile; fileRef = 2881955154C045BE95D0759E /* CodePushJWTBase64Coder.m */; };
		B051E2E80EFF498B91A86C6D /* CodePushJWTErrorDescription.m in Sources */ = {isa = PBXBuildFile; fileRef = 7A36DCE715064226B5391327 /* CodePushJWTErrorDescription.m */; };
		FE1E10C2DD484F038B4B3370 /* CodePushMF_Base64Additions.m in Sources */ = {isa = PBXBuildFile; fileRef = 627197F530E84A1EB0E6CD3A /* CodePushMF_Base64Additions.m */; };
/* End PBXBuildFile section */

/* Begin PBXContainerItemProxy section */
		301BF534109A57CC0062928A /* PBXContainerItemProxy */ = {
			isa = PBXContainerItemProxy;
			containerPortal = 301BF52D109A57CC0062928A /* CordovaLib.xcodeproj */;
			proxyType = 2;
			remoteGlobalIDString = D2AAC07E0554694100DB518D;
			remoteInfo = CordovaLib;
		};
		301BF550109A68C00062928A /* PBXContainerItemProxy */ = {
			isa = PBXContainerItemProxy;
			containerPortal = 301BF52D109A57CC0062928A /* CordovaLib.xcodeproj */;
			proxyType = 1;
			remoteGlobalIDString = D2AAC07D0554694100DB518D;
			remoteInfo = CordovaLib;
		};
/* End PBXContainerItemProxy section */

/* Begin PBXFileReference section */
		0207DA571B56EA530066E2B4 /* Images.xcassets */ = {isa = PBXFileReference; lastKnownFileType = folder.assetcatalog; name = Images.xcassets; path = "Agende-me/Images.xcassets"; sourceTree = SOURCE_ROOT; };
		1D3623240D0F684500981E51 /* AppDelegate.h */ = {isa = PBXFileReference; fileEncoding = 4; lastKnownFileType = sourcecode.c.h; path = AppDelegate.h; sourceTree = "<group>"; };
		1D3623250D0F684500981E51 /* AppDelegate.m */ = {isa = PBXFileReference; fileEncoding = 4; lastKnownFileType = sourcecode.c.objc; path = AppDelegate.m; sourceTree = "<group>"; };
		1D6058910D05DD3D006BFB54 /* Agende-me.app */ = {isa = PBXFileReference; explicitFileType = wrapper.application; includeInIndex = 0; path = "Agende-me.app"; sourceTree = BUILT_PRODUCTS_DIR; };
		29B97316FDCFA39411CA2CEA /* main.m */ = {isa = PBXFileReference; fileEncoding = 4; lastKnownFileType = sourcecode.c.objc; path = main.m; sourceTree = "<group>"; };
		301BF52D109A57CC0062928A /* CordovaLib.xcodeproj */ = {isa = PBXFileReference; lastKnownFileType = "wrapper.pb-project"; path = CordovaLib/CordovaLib.xcodeproj; sourceTree = "<group>"; };
		301BF56E109A69640062928A /* www */ = {isa = PBXFileReference; lastKnownFileType = folder; path = www; sourceTree = SOURCE_ROOT; };
		302D95EE14D2391D003F00A1 /* MainViewController.h */ = {isa = PBXFileReference; fileEncoding = 4; lastKnownFileType = sourcecode.c.h; path = MainViewController.h; sourceTree = "<group>"; };
		302D95EF14D2391D003F00A1 /* MainViewController.m */ = {isa = PBXFileReference; fileEncoding = 4; lastKnownFileType = sourcecode.c.objc; path = MainViewController.m; sourceTree = "<group>"; };
		302D95F014D2391D003F00A1 /* MainViewController.xib */ = {isa = PBXFileReference; fileEncoding = 4; lastKnownFileType = file.xib; path = MainViewController.xib; sourceTree = "<group>"; };
		3047A50F1AB8059700498E2A /* build-debug.xcconfig */ = {isa = PBXFileReference; fileEncoding = 4; lastKnownFileType = text.xcconfig; name = "build-debug.xcconfig"; path = cordova/build-debug.xcconfig; sourceTree = SOURCE_ROOT; };
		3047A5101AB8059700498E2A /* build-release.xcconfig */ = {isa = PBXFileReference; fileEncoding = 4; lastKnownFileType = text.xcconfig; name = "build-release.xcconfig"; path = cordova/build-release.xcconfig; sourceTree = SOURCE_ROOT; };
		3047A5111AB8059700498E2A /* build.xcconfig */ = {isa = PBXFileReference; fileEncoding = 4; lastKnownFileType = text.xcconfig; name = build.xcconfig; path = cordova/build.xcconfig; sourceTree = SOURCE_ROOT; };
		32CA4F630368D1EE00C91783 /* Agende-me-Prefix.pch */ = {isa = PBXFileReference; fileEncoding = 4; lastKnownFileType = sourcecode.c.h; path = "Agende-me-Prefix.pch"; sourceTree = "<group>"; };
		6AFF5BF81D6E424B00AB3073 /* CDVLaunchScreen.storyboard */ = {isa = PBXFileReference; fileEncoding = 4; lastKnownFileType = file.storyboard; name = CDVLaunchScreen.storyboard; path = "Agende-me/CDVLaunchScreen.storyboard"; sourceTree = SOURCE_ROOT; };
		8D1107310486CEB800E47090 /* Agende-me-Info.plist */ = {isa = PBXFileReference; fileEncoding = 4; lastKnownFileType = text.plist.xml; name = "Agende-me-Info.plist"; path = "Agende-me/Agende-me-Info.plist"; plistStructureDefinitionIdentifier = "com.apple.xcode.plist.structure-definition.iphone.info-plist"; sourceTree = SOURCE_ROOT; };
		EB87FDF31871DA8E0020F90C /* www */ = {isa = PBXFileReference; lastKnownFileType = folder; name = www; path = ../../www; sourceTree = "<group>"; };
		EB87FDF41871DAF40020F90C /* config.xml */ = {isa = PBXFileReference; lastKnownFileType = text.xml; name = config.xml; path = ../../config.xml; sourceTree = "<group>"; };
		F840E1F0165FE0F500CFE078 /* config.xml */ = {isa = PBXFileReference; lastKnownFileType = text.xml; name = config.xml; path = "Agende-me/config.xml"; sourceTree = "<group>"; };
		ED33DF2A687741AEAF9F8254 /* Bridging-Header.h */ = {isa = PBXFileReference; fileEncoding = 4; lastKnownFileType = sourcecode.c.h; name = "Bridging-Header.h"; path = "Bridging-Header.h"; sourceTree = "<group>"; };
		1EE11EAFC1484E48B62F3697 /* CDVLogger.m */ = {isa = PBXFileReference; name = "CDVLogger.m"; path = "cordova-plugin-console/CDVLogger.m"; sourceTree = "<group>"; fileEncoding = 4; lastKnownFileType = sourcecode.c.objc; explicitFileType = undefined; includeInIndex = 0; };
		659DBB5614984CB2A2F514D7 /* CDVLogger.h */ = {isa = PBXFileReference; name = "CDVLogger.h"; path = "cordova-plugin-console/CDVLogger.h"; sourceTree = "<group>"; fileEncoding = 4; lastKnownFileType = sourcecode.c.h; explicitFileType = undefined; includeInIndex = 0; };
		2D4806561D784511B16CD86F /* CDVDevice.m */ = {isa = PBXFileReference; name = "CDVDevice.m"; path = "cordova-plugin-device/CDVDevice.m"; sourceTree = "<group>"; fileEncoding = 4; lastKnownFileType = sourcecode.c.objc; explicitFileType = undefined; includeInIndex = 0; };
		36A3825CA98D453284D80692 /* CDVDevice.h */ = {isa = PBXFileReference; name = "CDVDevice.h"; path = "cordova-plugin-device/CDVDevice.h"; sourceTree = "<group>"; fileEncoding = 4; lastKnownFileType = sourcecode.c.h; explicitFileType = undefined; includeInIndex = 0; };
		1D19EA8374AB471090D005F1 /* libz.tbd */ = {isa = PBXFileReference; name = "libz.tbd"; path = "usr/lib/libz.tbd"; sourceTree = SDKROOT; fileEncoding = undefined; lastKnownFileType = sourcecode.text-based-dylib-definition; explicitFileType = undefined; includeInIndex = 0; };
		52EDF8BE81F74EC6A2E56E95 /* CDVNotification.m */ = {isa = PBXFileReference; name = "CDVNotification.m"; path = "cordova-plugin-dialogs/CDVNotification.m"; sourceTree = "<group>"; fileEncoding = 4; lastKnownFileType = sourcecode.c.objc; explicitFileType = undefined; includeInIndex = 0; };
		0EF80E5983BF45DA9E7A330E /* CDVNotification.h */ = {isa = PBXFileReference; name = "CDVNotification.h"; path = "cordova-plugin-dialogs/CDVNotification.h"; sourceTree = "<group>"; fileEncoding = 4; lastKnownFileType = sourcecode.c.h; explicitFileType = undefined; includeInIndex = 0; };
		67A6800FA110418B88682121 /* CDVNotification.bundle */ = {isa = PBXFileReference; name = "CDVNotification.bundle"; path = "CDVNotification.bundle"; sourceTree = "<group>"; fileEncoding = undefined; lastKnownFileType = wrapper.plug-in; explicitFileType = undefined; includeInIndex = 0; };
		05D7208713D14F6F9F401826 /* AudioToolbox.framework */ = {isa = PBXFileReference; name = "AudioToolbox.framework"; path = "System/Library/Frameworks/AudioToolbox.framework"; sourceTree = SDKROOT; fileEncoding = undefined; lastKnownFileType = wrapper.framework; explicitFileType = undefined; includeInIndex = 0; };
		961C7F6BC9D047299C87BC51 /* GooglePlus.m */ = {isa = PBXFileReference; name = "GooglePlus.m"; path = "cordova-plugin-googleplus/GooglePlus.m"; sourceTree = "<group>"; fileEncoding = 4; lastKnownFileType = sourcecode.c.objc; explicitFileType = undefined; includeInIndex = 0; };
		1AD29E671438445C9BECEAA8 /* GooglePlus.h */ = {isa = PBXFileReference; name = "GooglePlus.h"; path = "cordova-plugin-googleplus/GooglePlus.h"; sourceTree = "<group>"; fileEncoding = 4; lastKnownFileType = sourcecode.c.h; explicitFileType = undefined; includeInIndex = 0; };
		24549DDF04064E789FDA0FF7 /* GoogleAppUtilities.framework */ = {isa = PBXFileReference; name = "GoogleAppUtilities.framework"; path = "Agende-me/Plugins/cordova-plugin-googleplus/GoogleAppUtilities.framework"; sourceTree = "<group>"; fileEncoding = undefined; lastKnownFileType = wrapper.framework; explicitFileType = undefined; includeInIndex = 0; };
		10859B99F0324ECEB7347E29 /* GoogleAuthUtilities.framework */ = {isa = PBXFileReference; name = "GoogleAuthUtilities.framework"; path = "Agende-me/Plugins/cordova-plugin-googleplus/GoogleAuthUtilities.framework"; sourceTree = "<group>"; fileEncoding = undefined; lastKnownFileType = wrapper.framework; explicitFileType = undefined; includeInIndex = 0; };
		CFAA281713304CFD815068C5 /* GoogleNetworkingUtilities.framework */ = {isa = PBXFileReference; name = "GoogleNetworkingUtilities.framework"; path = "Agende-me/Plugins/cordova-plugin-googleplus/GoogleNetworkingUtilities.framework"; sourceTree = "<group>"; fileEncoding = undefined; lastKnownFileType = wrapper.framework; explicitFileType = undefined; includeInIndex = 0; };
		4DF1D44AEBD44F93A83137F9 /* GoogleSignIn.framework */ = {isa = PBXFileReference; name = "GoogleSignIn.framework"; path = "Agende-me/Plugins/cordova-plugin-googleplus/GoogleSignIn.framework"; sourceTree = "<group>"; fileEncoding = undefined; lastKnownFileType = wrapper.framework; explicitFileType = undefined; includeInIndex = 0; };
		6A0B9CDF306B4F42A310BDF4 /* GoogleSymbolUtilities.framework */ = {isa = PBXFileReference; name = "GoogleSymbolUtilities.framework"; path = "Agende-me/Plugins/cordova-plugin-googleplus/GoogleSymbolUtilities.framework"; sourceTree = "<group>"; fileEncoding = undefined; lastKnownFileType = wrapper.framework; explicitFileType = undefined; includeInIndex = 0; };
		6112374847D948C3BB1D4DC4 /* GoogleUtilities.framework */ = {isa = PBXFileReference; name = "GoogleUtilities.framework"; path = "Agende-me/Plugins/cordova-plugin-googleplus/GoogleUtilities.framework"; sourceTree = "<group>"; fileEncoding = undefined; lastKnownFileType = wrapper.framework; explicitFileType = undefined; includeInIndex = 0; };
		1514424336864B679054A348 /* AddressBook.framework */ = {isa = PBXFileReference; name = "AddressBook.framework"; path = "System/Library/Frameworks/AddressBook.framework"; sourceTree = SDKROOT; fileEncoding = undefined; lastKnownFileType = wrapper.framework; explicitFileType = undefined; includeInIndex = 0; };
		48304177412B4537A4682FE8 /* CoreText.framework */ = {isa = PBXFileReference; name = "CoreText.framework"; path = "System/Library/Frameworks/CoreText.framework"; sourceTree = SDKROOT; fileEncoding = undefined; lastKnownFileType = wrapper.framework; explicitFileType = undefined; includeInIndex = 0; };
		42497E36DEEF44D8ABF7D00A /* SafariServices.framework */ = {isa = PBXFileReference; name = "SafariServices.framework"; path = "System/Library/Frameworks/SafariServices.framework"; sourceTree = SDKROOT; fileEncoding = undefined; lastKnownFileType = wrapper.framework; explicitFileType = undefined; includeInIndex = 0; };
		F0C2720E20D8499A8342FE37 /* Security.framework */ = {isa = PBXFileReference; name = "Security.framework"; path = "System/Library/Frameworks/Security.framework"; sourceTree = SDKROOT; fileEncoding = undefined; lastKnownFileType = wrapper.framework; explicitFileType = undefined; includeInIndex = 0; };
		745985616735439F98363B4B /* SystemConfiguration.framework */ = {isa = PBXFileReference; name = "SystemConfiguration.framework"; path = "System/Library/Frameworks/SystemConfiguration.framework"; sourceTree = SDKROOT; fileEncoding = undefined; lastKnownFileType = wrapper.framework; explicitFileType = undefined; includeInIndex = 0; };
		C0CD726080C7449D87BEEA26 /* libz.dylib */ = {isa = PBXFileReference; name = "libz.dylib"; path = "usr/lib/libz.dylib"; sourceTree = SDKROOT; fileEncoding = undefined; lastKnownFileType = compiled.mach-o.dylib; explicitFileType = undefined; includeInIndex = 0; };
		06CD9096347649F79754D6F9 /* CDVInAppBrowser.m */ = {isa = PBXFileReference; name = "CDVInAppBrowser.m"; path = "cordova-plugin-inappbrowser/CDVInAppBrowser.m"; sourceTree = "<group>"; fileEncoding = 4; lastKnownFileType = sourcecode.c.objc; explicitFileType = undefined; includeInIndex = 0; };
		D4C97668736A443BA20FB864 /* CDVInAppBrowser.h */ = {isa = PBXFileReference; name = "CDVInAppBrowser.h"; path = "cordova-plugin-inappbrowser/CDVInAppBrowser.h"; sourceTree = "<group>"; fileEncoding = 4; lastKnownFileType = sourcecode.c.h; explicitFileType = undefined; includeInIndex = 0; };
		6771844954184E7A9CD42BE5 /* CDVConnection.m */ = {isa = PBXFileReference; name = "CDVConnection.m"; path = "cordova-plugin-network-information/CDVConnection.m"; sourceTree = "<group>"; fileEncoding = 4; lastKnownFileType = sourcecode.c.objc; explicitFileType = undefined; includeInIndex = 0; };
		B46FE158C5A24A06B7933F27 /* CDVReachability.m */ = {isa = PBXFileReference; name = "CDVReachability.m"; path = "cordova-plugin-network-information/CDVReachability.m"; sourceTree = "<group>"; fileEncoding = 4; lastKnownFileType = sourcecode.c.objc; explicitFileType = undefined; includeInIndex = 0; };
		D1A9A81E52F746A7B8B28E37 /* CDVConnection.h */ = {isa = PBXFileReference; name = "CDVConnection.h"; path = "cordova-plugin-network-information/CDVConnection.h"; sourceTree = "<group>"; fileEncoding = 4; lastKnownFileType = sourcecode.c.h; explicitFileType = undefined; includeInIndex = 0; };
		66A0178CEF5F4F11B92E4E80 /* CDVReachability.h */ = {isa = PBXFileReference; name = "CDVReachability.h"; path = "cordova-plugin-network-information/CDVReachability.h"; sourceTree = "<group>"; fileEncoding = 4; lastKnownFileType = sourcecode.c.h; explicitFileType = undefined; includeInIndex = 0; };
		6D266824EBB344CD8EF042E3 /* CoreTelephony.framework */ = {isa = PBXFileReference; name = "CoreTelephony.framework"; path = "System/Library/Frameworks/CoreTelephony.framework"; sourceTree = SDKROOT; fileEncoding = undefined; lastKnownFileType = wrapper.framework; explicitFileType = undefined; includeInIndex = 0; };
		FC18DB9759CA4BA6BC64F837 /* CDVVibration.m */ = {isa = PBXFileReference; name = "CDVVibration.m"; path = "cordova-plugin-vibration/CDVVibration.m"; sourceTree = "<group>"; fileEncoding = 4; lastKnownFileType = sourcecode.c.objc; explicitFileType = undefined; includeInIndex = 0; };
		6267B53824274522825DFE06 /* CDVVibration.h */ = {isa = PBXFileReference; name = "CDVVibration.h"; path = "cordova-plugin-vibration/CDVVibration.h"; sourceTree = "<group>"; fileEncoding = 4; lastKnownFileType = sourcecode.c.h; explicitFileType = undefined; includeInIndex = 0; };
		CA84B818803048B49D2931C8 /* CDVFile.m */ = {isa = PBXFileReference; name = "CDVFile.m"; path = "cordova-plugin-file/CDVFile.m"; sourceTree = "<group>"; fileEncoding = 4; lastKnownFileType = sourcecode.c.objc; explicitFileType = undefined; includeInIndex = 0; };
		C4F74D7C06034F108387EEEA /* CDVLocalFilesystem.m */ = {isa = PBXFileReference; name = "CDVLocalFilesystem.m"; path = "cordova-plugin-file/CDVLocalFilesystem.m"; sourceTree = "<group>"; fileEncoding = 4; lastKnownFileType = sourcecode.c.objc; explicitFileType = undefined; includeInIndex = 0; };
		0280F44B16C74501894DCE79 /* CDVAssetLibraryFilesystem.m */ = {isa = PBXFileReference; name = "CDVAssetLibraryFilesystem.m"; path = "cordova-plugin-file/CDVAssetLibraryFilesystem.m"; sourceTree = "<group>"; fileEncoding = 4; lastKnownFileType = sourcecode.c.objc; explicitFileType = undefined; includeInIndex = 0; };
		BB5A9ABE3CCC42B9A1AC5193 /* CDVFile.h */ = {isa = PBXFileReference; name = "CDVFile.h"; path = "cordova-plugin-file/CDVFile.h"; sourceTree = "<group>"; fileEncoding = 4; lastKnownFileType = sourcecode.c.h; explicitFileType = undefined; includeInIndex = 0; };
		EDECD5EAEF4C4C48A1B0BD53 /* CDVLocalFilesystem.h */ = {isa = PBXFileReference; name = "CDVLocalFilesystem.h"; path = "cordova-plugin-file/CDVLocalFilesystem.h"; sourceTree = "<group>"; fileEncoding = 4; lastKnownFileType = sourcecode.c.h; explicitFileType = undefined; includeInIndex = 0; };
		7258761BAAC147179AA0334C /* CDVAssetLibraryFilesystem.h */ = {isa = PBXFileReference; name = "CDVAssetLibraryFilesystem.h"; path = "cordova-plugin-file/CDVAssetLibraryFilesystem.h"; sourceTree = "<group>"; fileEncoding = 4; lastKnownFileType = sourcecode.c.h; explicitFileType = undefined; includeInIndex = 0; };
		AD85BEC15AE142CDAAB2A308 /* CDVFileTransfer.m */ = {isa = PBXFileReference; name = "CDVFileTransfer.m"; path = "cordova-plugin-file-transfer/CDVFileTransfer.m"; sourceTree = "<group>"; fileEncoding = 4; lastKnownFileType = sourcecode.c.objc; explicitFileType = undefined; includeInIndex = 0; };
		D553A0584F24437B9BAFB03C /* CDVFileTransfer.h */ = {isa = PBXFileReference; name = "CDVFileTransfer.h"; path = "cordova-plugin-file-transfer/CDVFileTransfer.h"; sourceTree = "<group>"; fileEncoding = 4; lastKnownFileType = sourcecode.c.h; explicitFileType = undefined; includeInIndex = 0; };
		E950978AF322451BAC789729 /* ZipPlugin.m */ = {isa = PBXFileReference; name = "ZipPlugin.m"; path = "cordova-plugin-zip/ZipPlugin.m"; sourceTree = "<group>"; fileEncoding = 4; lastKnownFileType = sourcecode.c.objc; explicitFileType = undefined; includeInIndex = 0; };
		2D07B8722EED466799932DD4 /* aescrypt.c */ = {isa = PBXFileReference; name = "aescrypt.c"; path = "cordova-plugin-zip/Plugins/aes/aescrypt.c"; sourceTree = "<group>"; fileEncoding = undefined; lastKnownFileType = unknown; explicitFileType = undefined; includeInIndex = 0; };
		E91CCE0F35C94FC08178AA9D /* aeskey.c */ = {isa = PBXFileReference; name = "aeskey.c"; path = "cordova-plugin-zip/Plugins/aes/aeskey.c"; sourceTree = "<group>"; fileEncoding = undefined; lastKnownFileType = unknown; explicitFileType = undefined; includeInIndex = 0; };
		6D970FEF8CF64D97BDF77465 /* aestab.c */ = {isa = PBXFileReference; name = "aestab.c"; path = "cordova-plugin-zip/Plugins/aes/aestab.c"; sourceTree = "<group>"; fileEncoding = undefined; lastKnownFileType = unknown; explicitFileType = undefined; includeInIndex = 0; };
		1AE0C31D48AC44D7B043715F /* entropy.c */ = {isa = PBXFileReference; name = "entropy.c"; path = "cordova-plugin-zip/Plugins/aes/entropy.c"; sourceTree = "<group>"; fileEncoding = undefined; lastKnownFileType = unknown; explicitFileType = undefined; includeInIndex = 0; };
		840693496A40450B98D2973D /* fileenc.c */ = {isa = PBXFileReference; name = "fileenc.c"; path = "cordova-plugin-zip/Plugins/aes/fileenc.c"; sourceTree = "<group>"; fileEncoding = undefined; lastKnownFileType = unknown; explicitFileType = undefined; includeInIndex = 0; };
		A7C0BDFCB2E14B42B4175B46 /* hmac.c */ = {isa = PBXFileReference; name = "hmac.c"; path = "cordova-plugin-zip/Plugins/aes/hmac.c"; sourceTree = "<group>"; fileEncoding = undefined; lastKnownFileType = unknown; explicitFileType = undefined; includeInIndex = 0; };
		4E81F156F71B4FDA95CC4D79 /* prng.c */ = {isa = PBXFileReference; name = "prng.c"; path = "cordova-plugin-zip/Plugins/aes/prng.c"; sourceTree = "<group>"; fileEncoding = undefined; lastKnownFileType = unknown; explicitFileType = undefined; includeInIndex = 0; };
		81CCDD825C264C9BA91EBE24 /* pwd2key.c */ = {isa = PBXFileReference; name = "pwd2key.c"; path = "cordova-plugin-zip/Plugins/aes/pwd2key.c"; sourceTree = "<group>"; fileEncoding = undefined; lastKnownFileType = unknown; explicitFileType = undefined; includeInIndex = 0; };
		99C6D2968F8B48F28B9B25AB /* sha1.c */ = {isa = PBXFileReference; name = "sha1.c"; path = "cordova-plugin-zip/Plugins/aes/sha1.c"; sourceTree = "<group>"; fileEncoding = undefined; lastKnownFileType = unknown; explicitFileType = undefined; includeInIndex = 0; };
		790BBAEA6511414788157A06 /* SSZipArchive.m */ = {isa = PBXFileReference; name = "SSZipArchive.m"; path = "cordova-plugin-zip/Plugins/minizip/SSZipArchive.m"; sourceTree = "<group>"; fileEncoding = 4; lastKnownFileType = sourcecode.c.objc; explicitFileType = undefined; includeInIndex = 0; };
		3B80F0692D714494B6131D67 /* zip.c */ = {isa = PBXFileReference; name = "zip.c"; path = "cordova-plugin-zip/Plugins/minizip/zip.c"; sourceTree = "<group>"; fileEncoding = undefined; lastKnownFileType = unknown; explicitFileType = undefined; includeInIndex = 0; };
		7082FCDE31B84CA3B77E28D2 /* unzip.c */ = {isa = PBXFileReference; name = "unzip.c"; path = "cordova-plugin-zip/Plugins/minizip/unzip.c"; sourceTree = "<group>"; fileEncoding = undefined; lastKnownFileType = unknown; explicitFileType = undefined; includeInIndex = 0; };
		839A010BEA3444D7ACDE3B48 /* mztools.c */ = {isa = PBXFileReference; name = "mztools.c"; path = "cordova-plugin-zip/Plugins/minizip/mztools.c"; sourceTree = "<group>"; fileEncoding = undefined; lastKnownFileType = unknown; explicitFileType = undefined; includeInIndex = 0; };
		E7555E8767F34B4FB9C297B8 /* ioapi.c */ = {isa = PBXFileReference; name = "ioapi.c"; path = "cordova-plugin-zip/Plugins/minizip/ioapi.c"; sourceTree = "<group>"; fileEncoding = undefined; lastKnownFileType = unknown; explicitFileType = undefined; includeInIndex = 0; };
		2831DE12D0764C0BBC0F1BC1 /* ZipPlugin.h */ = {isa = PBXFileReference; name = "ZipPlugin.h"; path = "cordova-plugin-zip/ZipPlugin.h"; sourceTree = "<group>"; fileEncoding = 4; lastKnownFileType = sourcecode.c.h; explicitFileType = undefined; includeInIndex = 0; };
		9EA4711E22CC4273B57EF2F5 /* Common.h */ = {isa = PBXFileReference; name = "Common.h"; path = "cordova-plugin-zip/Common.h"; sourceTree = "<group>"; fileEncoding = 4; lastKnownFileType = sourcecode.c.h; explicitFileType = undefined; includeInIndex = 0; };
		227E6E4E0EF5467CA3892238 /* aes.h */ = {isa = PBXFileReference; name = "aes.h"; path = "cordova-plugin-zip/Plugins/aes/aes.h"; sourceTree = "<group>"; fileEncoding = 4; lastKnownFileType = sourcecode.c.h; explicitFileType = undefined; includeInIndex = 0; };
		65C1F90DA3F74BF0907DDE33 /* aes_via_ace.h */ = {isa = PBXFileReference; name = "aes_via_ace.h"; path = "cordova-plugin-zip/Plugins/aes/aes_via_ace.h"; sourceTree = "<group>"; fileEncoding = 4; lastKnownFileType = sourcecode.c.h; explicitFileType = undefined; includeInIndex = 0; };
		8D3855CDC7774ADB886B4F62 /* aesopt.h */ = {isa = PBXFileReference; name = "aesopt.h"; path = "cordova-plugin-zip/Plugins/aes/aesopt.h"; sourceTree = "<group>"; fileEncoding = 4; lastKnownFileType = sourcecode.c.h; explicitFileType = undefined; includeInIndex = 0; };
		F09D7DB9F15B478FB020BCE0 /* aestab.h */ = {isa = PBXFileReference; name = "aestab.h"; path = "cordova-plugin-zip/Plugins/aes/aestab.h"; sourceTree = "<group>"; fileEncoding = 4; lastKnownFileType = sourcecode.c.h; explicitFileType = undefined; includeInIndex = 0; };
		57F0F390DD4C48369BBAF58F /* brg_endian.h */ = {isa = PBXFileReference; name = "brg_endian.h"; path = "cordova-plugin-zip/Plugins/aes/brg_endian.h"; sourceTree = "<group>"; fileEncoding = 4; lastKnownFileType = sourcecode.c.h; explicitFileType = undefined; includeInIndex = 0; };
		57F1F342EF3346559070CD51 /* brg_types.h */ = {isa = PBXFileReference; name = "brg_types.h"; path = "cordova-plugin-zip/Plugins/aes/brg_types.h"; sourceTree = "<group>"; fileEncoding = 4; lastKnownFileType = sourcecode.c.h; explicitFileType = undefined; includeInIndex = 0; };
		B375D168EDAC4F5B9749284E /* entropy.h */ = {isa = PBXFileReference; name = "entropy.h"; path = "cordova-plugin-zip/Plugins/aes/entropy.h"; sourceTree = "<group>"; fileEncoding = 4; lastKnownFileType = sourcecode.c.h; explicitFileType = undefined; includeInIndex = 0; };
		F2608A86D6194C2BA38F42F2 /* fileenc.h */ = {isa = PBXFileReference; name = "fileenc.h"; path = "cordova-plugin-zip/Plugins/aes/fileenc.h"; sourceTree = "<group>"; fileEncoding = 4; lastKnownFileType = sourcecode.c.h; explicitFileType = undefined; includeInIndex = 0; };
		C6B9274AD3CD4D9CB714265B /* hmac.h */ = {isa = PBXFileReference; name = "hmac.h"; path = "cordova-plugin-zip/Plugins/aes/hmac.h"; sourceTree = "<group>"; fileEncoding = 4; lastKnownFileType = sourcecode.c.h; explicitFileType = undefined; includeInIndex = 0; };
		BD0C7BB03A664076ADA6A646 /* prng.h */ = {isa = PBXFileReference; name = "prng.h"; path = "cordova-plugin-zip/Plugins/aes/prng.h"; sourceTree = "<group>"; fileEncoding = 4; lastKnownFileType = sourcecode.c.h; explicitFileType = undefined; includeInIndex = 0; };
		F19B2D6D5044494BB520DCF2 /* pwd2key.h */ = {isa = PBXFileReference; name = "pwd2key.h"; path = "cordova-plugin-zip/Plugins/aes/pwd2key.h"; sourceTree = "<group>"; fileEncoding = 4; lastKnownFileType = sourcecode.c.h; explicitFileType = undefined; includeInIndex = 0; };
		F6B8C0FB356A4CE7A2DF1245 /* sha1.h */ = {isa = PBXFileReference; name = "sha1.h"; path = "cordova-plugin-zip/Plugins/aes/sha1.h"; sourceTree = "<group>"; fileEncoding = 4; lastKnownFileType = sourcecode.c.h; explicitFileType = undefined; includeInIndex = 0; };
		3BA43DCEF2CB414D8B9F765A /* SSZipArchive.h */ = {isa = PBXFileReference; name = "SSZipArchive.h"; path = "cordova-plugin-zip/Plugins/minizip/SSZipArchive.h"; sourceTree = "<group>"; fileEncoding = 4; lastKnownFileType = sourcecode.c.h; explicitFileType = undefined; includeInIndex = 0; };
		56D166B7854D40C39518DCBC /* zip.h */ = {isa = PBXFileReference; name = "zip.h"; path = "cordova-plugin-zip/Plugins/minizip/zip.h"; sourceTree = "<group>"; fileEncoding = 4; lastKnownFileType = sourcecode.c.h; explicitFileType = undefined; includeInIndex = 0; };
		01CAC1ED33EC4B368AC0199F /* unzip.h */ = {isa = PBXFileReference; name = "unzip.h"; path = "cordova-plugin-zip/Plugins/minizip/unzip.h"; sourceTree = "<group>"; fileEncoding = 4; lastKnownFileType = sourcecode.c.h; explicitFileType = undefined; includeInIndex = 0; };
		17449AE010CF41888DB9477B /* mztools.h */ = {isa = PBXFileReference; name = "mztools.h"; path = "cordova-plugin-zip/Plugins/minizip/mztools.h"; sourceTree = "<group>"; fileEncoding = 4; lastKnownFileType = sourcecode.c.h; explicitFileType = undefined; includeInIndex = 0; };
		C4F1B44ED0DE436AACD5E048 /* ioapi.h */ = {isa = PBXFileReference; name = "ioapi.h"; path = "cordova-plugin-zip/Plugins/minizip/ioapi.h"; sourceTree = "<group>"; fileEncoding = 4; lastKnownFileType = sourcecode.c.h; explicitFileType = undefined; includeInIndex = 0; };
		C79A4315FE9647EB86C31747 /* crypt.h */ = {isa = PBXFileReference; name = "crypt.h"; path = "cordova-plugin-zip/Plugins/minizip/crypt.h"; sourceTree = "<group>"; fileEncoding = 4; lastKnownFileType = sourcecode.c.h; explicitFileType = undefined; includeInIndex = 0; };
		83F117D149B5403C9C92F98E /* CDVWKWebViewEngine+CodePush.m */ = {isa = PBXFileReference; name = "CDVWKWebViewEngine+CodePush.m"; path = "cordova-plugin-code-push/CDVWKWebViewEngine+CodePush.m"; sourceTree = "<group>"; fileEncoding = 4; lastKnownFileType = sourcecode.c.objc; explicitFileType = undefined; includeInIndex = 0; };
		2B73B522A0D943FF9C488E41 /* CodePush.m */ = {isa = PBXFileReference; name = "CodePush.m"; path = "cordova-plugin-code-push/CodePush.m"; sourceTree = "<group>"; fileEncoding = 4; lastKnownFileType = sourcecode.c.objc; explicitFileType = undefined; includeInIndex = 0; };
		3964C8B6708F4786AB0CAE53 /* CodePushPackageMetadata.m */ = {isa = PBXFileReference; name = "CodePushPackageMetadata.m"; path = "cordova-plugin-code-push/CodePushPackageMetadata.m"; sourceTree = "<group>"; fileEncoding = 4; lastKnownFileType = sourcecode.c.objc; explicitFileType = undefined; includeInIndex = 0; };
		B239D535455A4748A849C4B5 /* CodePushPackageManager.m */ = {isa = PBXFileReference; name = "CodePushPackageManager.m"; path = "cordova-plugin-code-push/CodePushPackageManager.m"; sourceTree = "<group>"; fileEncoding = 4; lastKnownFileType = sourcecode.c.objc; explicitFileType = undefined; includeInIndex = 0; };
		3D9E54B1C4E94D9CAB3E0E0A /* CodePushReportingManager.m */ = {isa = PBXFileReference; name = "CodePushReportingManager.m"; path = "cordova-plugin-code-push/CodePushReportingManager.m"; sourceTree = "<group>"; fileEncoding = 4; lastKnownFileType = sourcecode.c.objc; explicitFileType = undefined; includeInIndex = 0; };
		FFFA931F3C164131B040A4B4 /* InstallOptions.m */ = {isa = PBXFileReference; name = "InstallOptions.m"; path = "cordova-plugin-code-push/InstallOptions.m"; sourceTree = "<group>"; fileEncoding = 4; lastKnownFileType = sourcecode.c.objc; explicitFileType = undefined; includeInIndex = 0; };
		E3EE8799F5354D4B9D0606D4 /* StatusReport.m */ = {isa = PBXFileReference; name = "StatusReport.m"; path = "cordova-plugin-code-push/StatusReport.m"; sourceTree = "<group>"; fileEncoding = 4; lastKnownFileType = sourcecode.c.objc; explicitFileType = undefined; includeInIndex = 0; };
		9118C83920AD4AEAB28FA1B4 /* UpdateHashUtils.m */ = {isa = PBXFileReference; name = "UpdateHashUtils.m"; path = "cordova-plugin-code-push/UpdateHashUtils.m"; sourceTree = "<group>"; fileEncoding = 4; lastKnownFileType = sourcecode.c.objc; explicitFileType = undefined; includeInIndex = 0; };
		81D98F604D274DB5A0FEA6AA /* Utilities.m */ = {isa = PBXFileReference; name = "Utilities.m"; path = "cordova-plugin-code-push/Utilities.m"; sourceTree = "<group>"; fileEncoding = 4; lastKnownFileType = sourcecode.c.objc; explicitFileType = undefined; includeInIndex = 0; };
		EAF45514126546EDACA0797B /* CodePushJWTAlgorithmFactory.m */ = {isa = PBXFileReference; name = "CodePushJWTAlgorithmFactory.m"; path = "cordova-plugin-code-push/CodePushJWTAlgorithmFactory.m"; sourceTree = "<group>"; fileEncoding = 4; lastKnownFileType = sourcecode.c.objc; explicitFileType = undefined; includeInIndex = 0; };
		0E9A1AC54B844B6680FA56AB /* CodePushJWTAlgorithmNone.m */ = {isa = PBXFileReference; name = "CodePushJWTAlgorithmNone.m"; path = "cordova-plugin-code-push/CodePushJWTAlgorithmNone.m"; sourceTree = "<group>"; fileEncoding = 4; lastKnownFileType = sourcecode.c.objc; explicitFileType = undefined; includeInIndex = 0; };
		259F0F162B2840D9843E8EAD /* CodePushJWTAlgorithmESBase.m */ = {isa = PBXFileReference; name = "CodePushJWTAlgorithmESBase.m"; path = "cordova-plugin-code-push/CodePushJWTAlgorithmESBase.m"; sourceTree = "<group>"; fileEncoding = 4; lastKnownFileType = sourcecode.c.objc; explicitFileType = undefined; includeInIndex = 0; };
		F91F1EC6C78542BFAAEC028C /* CodePushJWTAlgorithmDataHolder.m */ = {isa = PBXFileReference; name = "CodePushJWTAlgorithmDataHolder.m"; path = "cordova-plugin-code-push/CodePushJWTAlgorithmDataHolder.m"; sourceTree = "<group>"; fileEncoding = 4; lastKnownFileType = sourcecode.c.objc; explicitFileType = undefined; includeInIndex = 0; };
		07CAF0C7F5B9422F897C27F8 /* CodePushJWTAlgorithmDataHolderChain.m */ = {isa = PBXFileReference; name = "CodePushJWTAlgorithmDataHolderChain.m"; path = "cordova-plugin-code-push/CodePushJWTAlgorithmDataHolderChain.m"; sourceTree = "<group>"; fileEncoding = 4; lastKnownFileType = sourcecode.c.objc; explicitFileType = undefined; includeInIndex = 0; };
		CB640C4BADC64683B3525052 /* CodePushJWTAlgorithmHSBase.m */ = {isa = PBXFileReference; name = "CodePushJWTAlgorithmHSBase.m"; path = "cordova-plugin-code-push/CodePushJWTAlgorithmHSBase.m"; sourceTree = "<group>"; fileEncoding = 4; lastKnownFileType = sourcecode.c.objc; explicitFileType = undefined; includeInIndex = 0; };
		C1A85489C9F649D18E1C2771 /* CodePushJWTAlgorithmRSBase.m */ = {isa = PBXFileReference; name = "CodePushJWTAlgorithmRSBase.m"; path = "cordova-plugin-code-push/CodePushJWTAlgorithmRSBase.m"; sourceTree = "<group>"; fileEncoding = 4; lastKnownFileType = sourcecode.c.objc; explicitFileType = undefined; includeInIndex = 0; };
		A4E1761F4AEE48D2963C2B75 /* CodePushJWTCryptoKey.m */ = {isa = PBXFileReference; name = "CodePushJWTCryptoKey.m"; path = "cordova-plugin-code-push/CodePushJWTCryptoKey.m"; sourceTree = "<group>"; fileEncoding = 4; lastKnownFileType = sourcecode.c.objc; explicitFileType = undefined; includeInIndex = 0; };
		9C43EE6020294582A8A77B0C /* CodePushJWTCryptoKeyExtractor.m */ = {isa = PBXFileReference; name = "CodePushJWTCryptoKeyExtractor.m"; path = "cordova-plugin-code-push/CodePushJWTCryptoKeyExtractor.m"; sourceTree = "<group>"; fileEncoding = 4; lastKnownFileType = sourcecode.c.objc; explicitFileType = undefined; includeInIndex = 0; };
		E991B30D5F4D4F96A2F5EBDE /* CodePushJWTCryptoSecurity.m */ = {isa = PBXFileReference; name = "CodePushJWTCryptoSecurity.m"; path = "cordova-plugin-code-push/CodePushJWTCryptoSecurity.m"; sourceTree = "<group>"; fileEncoding = 4; lastKnownFileType = sourcecode.c.objc; explicitFileType = undefined; includeInIndex = 0; };
		61E87F776D984504A8D709FC /* CodePushJWTClaim.m */ = {isa = PBXFileReference; name = "CodePushJWTClaim.m"; path = "cordova-plugin-code-push/CodePushJWTClaim.m"; sourceTree = "<group>"; fileEncoding = 4; lastKnownFileType = sourcecode.c.objc; explicitFileType = undefined; includeInIndex = 0; };
		969A766A18F14E2882BFDC9E /* CodePushJWTClaimsSet.m */ = {isa = PBXFileReference; name = "CodePushJWTClaimsSet.m"; path = "cordova-plugin-code-push/CodePushJWTClaimsSet.m"; sourceTree = "<group>"; fileEncoding = 4; lastKnownFileType = sourcecode.c.objc; explicitFileType = undefined; includeInIndex = 0; };
		73ECFE54193B45E18D78D641 /* CodePushJWTClaimsSetSerializer.m */ = {isa = PBXFileReference; name = "CodePushJWTClaimsSetSerializer.m"; path = "cordova-plugin-code-push/CodePushJWTClaimsSetSerializer.m"; sourceTree = "<group>"; fileEncoding = 4; lastKnownFileType = sourcecode.c.objc; explicitFileType = undefined; includeInIndex = 0; };
		CDB7B8BA6F0447459CE0F27A /* CodePushJWTClaimsSetVerifier.m */ = {isa = PBXFileReference; name = "CodePushJWTClaimsSetVerifier.m"; path = "cordova-plugin-code-push/CodePushJWTClaimsSetVerifier.m"; sourceTree = "<group>"; fileEncoding = 4; lastKnownFileType = sourcecode.c.objc; explicitFileType = undefined; includeInIndex = 0; };
		16D25090B3D444AB81909D15 /* CodePushJWTCoding+ResultTypes.m */ = {isa = PBXFileReference; name = "CodePushJWTCoding+ResultTypes.m"; path = "cordova-plugin-code-push/CodePushJWTCoding+ResultTypes.m"; sourceTree = "<group>"; fileEncoding = 4; lastKnownFileType = sourcecode.c.objc; explicitFileType = undefined; includeInIndex = 0; };
		FCD0D6F969154778A4B0E591 /* CodePushJWTCoding+VersionOne.m */ = {isa = PBXFileReference; name = "CodePushJWTCoding+VersionOne.m"; path = "cordova-plugin-code-push/CodePushJWTCoding+VersionOne.m"; sourceTree = "<group>"; fileEncoding = 4; lastKnownFileType = sourcecode.c.objc; explicitFileType = undefined; includeInIndex = 0; };
		160B559CFBF74453B7980704 /* CodePushJWTCoding+VersionThree.m */ = {isa = PBXFileReference; name = "CodePushJWTCoding+VersionThree.m"; path = "cordova-plugin-code-push/CodePushJWTCoding+VersionThree.m"; sourceTree = "<group>"; fileEncoding = 4; lastKnownFileType = sourcecode.c.objc; explicitFileType = undefined; includeInIndex = 0; };
		893B01E018724F05B6BFC6FC /* CodePushJWTCoding+VersionTwo.m */ = {isa = PBXFileReference; name = "CodePushJWTCoding+VersionTwo.m"; path = "cordova-plugin-code-push/CodePushJWTCoding+VersionTwo.m"; sourceTree = "<group>"; fileEncoding = 4; lastKnownFileType = sourcecode.c.objc; explicitFileType = undefined; includeInIndex = 0; };
		0BA1A26AD4824A9DACE9A211 /* CodePushJWTCoding.m */ = {isa = PBXFileReference; name = "CodePushJWTCoding.m"; path = "cordova-plugin-code-push/CodePushJWTCoding.m"; sourceTree = "<group>"; fileEncoding = 4; lastKnownFileType = sourcecode.c.objc; explicitFileType = undefined; includeInIndex = 0; };
		2881955154C045BE95D0759E /* CodePushJWTBase64Coder.m */ = {isa = PBXFileReference; name = "CodePushJWTBase64Coder.m"; path = "cordova-plugin-code-push/CodePushJWTBase64Coder.m"; sourceTree = "<group>"; fileEncoding = 4; lastKnownFileType = sourcecode.c.objc; explicitFileType = undefined; includeInIndex = 0; };
		7A36DCE715064226B5391327 /* CodePushJWTErrorDescription.m */ = {isa = PBXFileReference; name = "CodePushJWTErrorDescription.m"; path = "cordova-plugin-code-push/CodePushJWTErrorDescription.m"; sourceTree = "<group>"; fileEncoding = 4; lastKnownFileType = sourcecode.c.objc; explicitFileType = undefined; includeInIndex = 0; };
		627197F530E84A1EB0E6CD3A /* CodePushMF_Base64Additions.m */ = {isa = PBXFileReference; name = "CodePushMF_Base64Additions.m"; path = "cordova-plugin-code-push/CodePushMF_Base64Additions.m"; sourceTree = "<group>"; fileEncoding = 4; lastKnownFileType = sourcecode.c.objc; explicitFileType = undefined; includeInIndex = 0; };
		4C32DBCD8B1F408DBD86E870 /* CodePush.h */ = {isa = PBXFileReference; name = "CodePush.h"; path = "cordova-plugin-code-push/CodePush.h"; sourceTree = "<group>"; fileEncoding = 4; lastKnownFileType = sourcecode.c.h; explicitFileType = undefined; includeInIndex = 0; };
		8D143933197A4116997CFD0F /* CodePushPackageMetadata.h */ = {isa = PBXFileReference; name = "CodePushPackageMetadata.h"; path = "cordova-plugin-code-push/CodePushPackageMetadata.h"; sourceTree = "<group>"; fileEncoding = 4; lastKnownFileType = sourcecode.c.h; explicitFileType = undefined; includeInIndex = 0; };
		DF65B162647047159FAB5FE2 /* CodePushPackageManager.h */ = {isa = PBXFileReference; name = "CodePushPackageManager.h"; path = "cordova-plugin-code-push/CodePushPackageManager.h"; sourceTree = "<group>"; fileEncoding = 4; lastKnownFileType = sourcecode.c.h; explicitFileType = undefined; includeInIndex = 0; };
		D6E85A54298944EDBD433C80 /* CodePushReportingManager.h */ = {isa = PBXFileReference; name = "CodePushReportingManager.h"; path = "cordova-plugin-code-push/CodePushReportingManager.h"; sourceTree = "<group>"; fileEncoding = 4; lastKnownFileType = sourcecode.c.h; explicitFileType = undefined; includeInIndex = 0; };
		55296C5969654B14809B9778 /* InstallOptions.h */ = {isa = PBXFileReference; name = "InstallOptions.h"; path = "cordova-plugin-code-push/InstallOptions.h"; sourceTree = "<group>"; fileEncoding = 4; lastKnownFileType = sourcecode.c.h; explicitFileType = undefined; includeInIndex = 0; };
		BD397ACC90474E76B578318C /* InstallMode.h */ = {isa = PBXFileReference; name = "InstallMode.h"; path = "cordova-plugin-code-push/InstallMode.h"; sourceTree = "<group>"; fileEncoding = 4; lastKnownFileType = sourcecode.c.h; explicitFileType = undefined; includeInIndex = 0; };
		14FB31AED43F41DBAFEBE33F /* StatusReport.h */ = {isa = PBXFileReference; name = "StatusReport.h"; path = "cordova-plugin-code-push/StatusReport.h"; sourceTree = "<group>"; fileEncoding = 4; lastKnownFileType = sourcecode.c.h; explicitFileType = undefined; includeInIndex = 0; };
		1EE77FE2FA2C4F93A6D42A64 /* UpdateHashUtils.h */ = {isa = PBXFileReference; name = "UpdateHashUtils.h"; path = "cordova-plugin-code-push/UpdateHashUtils.h"; sourceTree = "<group>"; fileEncoding = 4; lastKnownFileType = sourcecode.c.h; explicitFileType = undefined; includeInIndex = 0; };
		D780DBE761F241EF80A6F74E /* Utilities.h */ = {isa = PBXFileReference; name = "Utilities.h"; path = "cordova-plugin-code-push/Utilities.h"; sourceTree = "<group>"; fileEncoding = 4; lastKnownFileType = sourcecode.c.h; explicitFileType = undefined; includeInIndex = 0; };
		1091504AE2604727AE92E65E /* CodePushJWTAlgorithm.h */ = {isa = PBXFileReference; name = "CodePushJWTAlgorithm.h"; path = "cordova-plugin-code-push/CodePushJWTAlgorithm.h"; sourceTree = "<group>"; fileEncoding = 4; lastKnownFileType = sourcecode.c.h; explicitFileType = undefined; includeInIndex = 0; };
		96318CF6AA2D4815878D1F99 /* CodePushJWTAlgorithmFactory.h */ = {isa = PBXFileReference; name = "CodePushJWTAlgorithmFactory.h"; path = "cordova-plugin-code-push/CodePushJWTAlgorithmFactory.h"; sourceTree = "<group>"; fileEncoding = 4; lastKnownFileType = sourcecode.c.h; explicitFileType = undefined; includeInIndex = 0; };
		2DD5E001E95844EA959C4FFE /* CodePushJWTAlgorithmNone.h */ = {isa = PBXFileReference; name = "CodePushJWTAlgorithmNone.h"; path = "cordova-plugin-code-push/CodePushJWTAlgorithmNone.h"; sourceTree = "<group>"; fileEncoding = 4; lastKnownFileType = sourcecode.c.h; explicitFileType = undefined; includeInIndex = 0; };
		77ABA291D4A3484A8157F0FA /* CodePushJWTAlgorithmESBase.h */ = {isa = PBXFileReference; name = "CodePushJWTAlgorithmESBase.h"; path = "cordova-plugin-code-push/CodePushJWTAlgorithmESBase.h"; sourceTree = "<group>"; fileEncoding = 4; lastKnownFileType = sourcecode.c.h; explicitFileType = undefined; includeInIndex = 0; };
		61C2B32E4699436E91D236EE /* CodePushJWTAlgorithmDataHolder.h */ = {isa = PBXFileReference; name = "CodePushJWTAlgorithmDataHolder.h"; path = "cordova-plugin-code-push/CodePushJWTAlgorithmDataHolder.h"; sourceTree = "<group>"; fileEncoding = 4; lastKnownFileType = sourcecode.c.h; explicitFileType = undefined; includeInIndex = 0; };
		2F8208728A3F4417809281CF /* CodePushJWTAlgorithmDataHolderChain.h */ = {isa = PBXFileReference; name = "CodePushJWTAlgorithmDataHolderChain.h"; path = "cordova-plugin-code-push/CodePushJWTAlgorithmDataHolderChain.h"; sourceTree = "<group>"; fileEncoding = 4; lastKnownFileType = sourcecode.c.h; explicitFileType = undefined; includeInIndex = 0; };
		E8D21EC783B04277A4F8CAC8 /* CodePushJWTAlgorithmHSBase.h */ = {isa = PBXFileReference; name = "CodePushJWTAlgorithmHSBase.h"; path = "cordova-plugin-code-push/CodePushJWTAlgorithmHSBase.h"; sourceTree = "<group>"; fileEncoding = 4; lastKnownFileType = sourcecode.c.h; explicitFileType = undefined; includeInIndex = 0; };
		D064E8CB20A24AF1B9C688C3 /* CodePushJWTAlgorithmRSBase.h */ = {isa = PBXFileReference; name = "CodePushJWTAlgorithmRSBase.h"; path = "cordova-plugin-code-push/CodePushJWTAlgorithmRSBase.h"; sourceTree = "<group>"; fileEncoding = 4; lastKnownFileType = sourcecode.c.h; explicitFileType = undefined; includeInIndex = 0; };
		8EE6AFD9CD054B5BA498417F /* CodePushJWTRSAlgorithm.h */ = {isa = PBXFileReference; name = "CodePushJWTRSAlgorithm.h"; path = "cordova-plugin-code-push/CodePushJWTRSAlgorithm.h"; sourceTree = "<group>"; fileEncoding = 4; lastKnownFileType = sourcecode.c.h; explicitFileType = undefined; includeInIndex = 0; };
		D2C9E35728F2428F8FF7637C /* CodePushJWTCryptoKey.h */ = {isa = PBXFileReference; name = "CodePushJWTCryptoKey.h"; path = "cordova-plugin-code-push/CodePushJWTCryptoKey.h"; sourceTree = "<group>"; fileEncoding = 4; lastKnownFileType = sourcecode.c.h; explicitFileType = undefined; includeInIndex = 0; };
		70B9A901595A4228A1C107C2 /* CodePushJWTCryptoKeyExtractor.h */ = {isa = PBXFileReference; name = "CodePushJWTCryptoKeyExtractor.h"; path = "cordova-plugin-code-push/CodePushJWTCryptoKeyExtractor.h"; sourceTree = "<group>"; fileEncoding = 4; lastKnownFileType = sourcecode.c.h; explicitFileType = undefined; includeInIndex = 0; };
		5D32863FCF7247038F9E8D0F /* CodePushJWTCryptoSecurity.h */ = {isa = PBXFileReference; name = "CodePushJWTCryptoSecurity.h"; path = "cordova-plugin-code-push/CodePushJWTCryptoSecurity.h"; sourceTree = "<group>"; fileEncoding = 4; lastKnownFileType = sourcecode.c.h; explicitFileType = undefined; includeInIndex = 0; };
		A77EDD882F0F44488AE468A6 /* CodePushJWTClaim.h */ = {isa = PBXFileReference; name = "CodePushJWTClaim.h"; path = "cordova-plugin-code-push/CodePushJWTClaim.h"; sourceTree = "<group>"; fileEncoding = 4; lastKnownFileType = sourcecode.c.h; explicitFileType = undefined; includeInIndex = 0; };
		22F7F036EE394375B0441023 /* CodePushJWTClaimsSet.h */ = {isa = PBXFileReference; name = "CodePushJWTClaimsSet.h"; path = "cordova-plugin-code-push/CodePushJWTClaimsSet.h"; sourceTree = "<group>"; fileEncoding = 4; lastKnownFileType = sourcecode.c.h; explicitFileType = undefined; includeInIndex = 0; };
		B54AA40165414E52B24A056B /* CodePushJWTClaimsSetSerializer.h */ = {isa = PBXFileReference; name = "CodePushJWTClaimsSetSerializer.h"; path = "cordova-plugin-code-push/CodePushJWTClaimsSetSerializer.h"; sourceTree = "<group>"; fileEncoding = 4; lastKnownFileType = sourcecode.c.h; explicitFileType = undefined; includeInIndex = 0; };
		CEE27B5C960045E78A845A39 /* CodePushJWTClaimsSetVerifier.h */ = {isa = PBXFileReference; name = "CodePushJWTClaimsSetVerifier.h"; path = "cordova-plugin-code-push/CodePushJWTClaimsSetVerifier.h"; sourceTree = "<group>"; fileEncoding = 4; lastKnownFileType = sourcecode.c.h; explicitFileType = undefined; includeInIndex = 0; };
		F4E5176D06804B86A4B2CA66 /* CodePushJWTCoding+ResultTypes.h */ = {isa = PBXFileReference; name = "CodePushJWTCoding+ResultTypes.h"; path = "cordova-plugin-code-push/CodePushJWTCoding+ResultTypes.h"; sourceTree = "<group>"; fileEncoding = 4; lastKnownFileType = sourcecode.c.h; explicitFileType = undefined; includeInIndex = 0; };
		A3CCE6B0DDC14E53BDCCE2CC /* CodePushJWTCoding+VersionOne.h */ = {isa = PBXFileReference; name = "CodePushJWTCoding+VersionOne.h"; path = "cordova-plugin-code-push/CodePushJWTCoding+VersionOne.h"; sourceTree = "<group>"; fileEncoding = 4; lastKnownFileType = sourcecode.c.h; explicitFileType = undefined; includeInIndex = 0; };
		E8B84689AA814F808A35C77A /* CodePushJWTCoding+VersionThree.h */ = {isa = PBXFileReference; name = "CodePushJWTCoding+VersionThree.h"; path = "cordova-plugin-code-push/CodePushJWTCoding+VersionThree.h"; sourceTree = "<group>"; fileEncoding = 4; lastKnownFileType = sourcecode.c.h; explicitFileType = undefined; includeInIndex = 0; };
		AADA24DF9786485CB9D29269 /* CodePushJWTCoding+VersionTwo.h */ = {isa = PBXFileReference; name = "CodePushJWTCoding+VersionTwo.h"; path = "cordova-plugin-code-push/CodePushJWTCoding+VersionTwo.h"; sourceTree = "<group>"; fileEncoding = 4; lastKnownFileType = sourcecode.c.h; explicitFileType = undefined; includeInIndex = 0; };
		C1F02B2165DE43FC9DCA32E3 /* CodePushJWTCoding.h */ = {isa = PBXFileReference; name = "CodePushJWTCoding.h"; path = "cordova-plugin-code-push/CodePushJWTCoding.h"; sourceTree = "<group>"; fileEncoding = 4; lastKnownFileType = sourcecode.c.h; explicitFileType = undefined; includeInIndex = 0; };
		377087B015F24B4897677A36 /* CodePushJWT.h */ = {isa = PBXFileReference; name = "CodePushJWT.h"; path = "cordova-plugin-code-push/CodePushJWT.h"; sourceTree = "<group>"; fileEncoding = 4; lastKnownFileType = sourcecode.c.h; explicitFileType = undefined; includeInIndex = 0; };
		DC9FB1528ABA4F20ACEAA217 /* CodePushJWTBase64Coder.h */ = {isa = PBXFileReference; name = "CodePushJWTBase64Coder.h"; path = "cordova-plugin-code-push/CodePushJWTBase64Coder.h"; sourceTree = "<group>"; fileEncoding = 4; lastKnownFileType = sourcecode.c.h; explicitFileType = undefined; includeInIndex = 0; };
		458CE5AEB5D0469688B57B6F /* CodePushJWTDeprecations.h */ = {isa = PBXFileReference; name = "CodePushJWTDeprecations.h"; path = "cordova-plugin-code-push/CodePushJWTDeprecations.h"; sourceTree = "<group>"; fileEncoding = 4; lastKnownFileType = sourcecode.c.h; explicitFileType = undefined; includeInIndex = 0; };
		94A9778210434BD7875F4AA0 /* CodePushJWTErrorDescription.h */ = {isa = PBXFileReference; name = "CodePushJWTErrorDescription.h"; path = "cordova-plugin-code-push/CodePushJWTErrorDescription.h"; sourceTree = "<group>"; fileEncoding = 4; lastKnownFileType = sourcecode.c.h; explicitFileType = undefined; includeInIndex = 0; };
		C6FAF6B13C1F438BA756ADE5 /* CodePushMF_Base64Additions.h */ = {isa = PBXFileReference; name = "CodePushMF_Base64Additions.h"; path = "cordova-plugin-code-push/CodePushMF_Base64Additions.h"; sourceTree = "<group>"; fileEncoding = 4; lastKnownFileType = sourcecode.c.h; explicitFileType = undefined; includeInIndex = 0; };
/* End PBXFileReference section */

/* Begin PBXFrameworksBuildPhase section */
		1D60588F0D05DD3D006BFB54 /* Frameworks */ = {
			isa = PBXFrameworksBuildPhase;
			buildActionMask = 2147483647;
			files = (
				301BF552109A68D80062928A /* libCordova.a in Frameworks */,
				2C4BB4E1F08742E682ED027E /* libz.tbd in Frameworks */,
				87CF95E22771465BB8E271C8 /* AudioToolbox.framework in Frameworks */,
				FF41004298374BCDA915D033 /* GoogleAppUtilities.framework in Frameworks */,
				21F7070DE36D424690EC5106 /* GoogleAuthUtilities.framework in Frameworks */,
				8641FB5B10EE4EAA9EA17731 /* GoogleNetworkingUtilities.framework in Frameworks */,
				3E4326699D454045B521E746 /* GoogleSignIn.framework in Frameworks */,
				E6CF0AD387BC49E1958D109E /* GoogleSymbolUtilities.framework in Frameworks */,
				232816639FAE4DB0AE621541 /* GoogleUtilities.framework in Frameworks */,
				8D462BD08019421D9E56B487 /* AddressBook.framework in Frameworks */,
				0FB82C3948F54C61BBA4EB71 /* CoreText.framework in Frameworks */,
				EED2DDFCAC86401291C7D5BC /* SafariServices.framework in Frameworks */,
				6E8B093736B546F9A4D2F004 /* Security.framework in Frameworks */,
				964EB14867C54765BDF6D310 /* SystemConfiguration.framework in Frameworks */,
				438FB64530EA46B6B28AC7B6 /* libz.dylib in Frameworks */,
				BAD2F459183945D79F90054B /* CoreTelephony.framework in Frameworks */,
			);
			runOnlyForDeploymentPostprocessing = 0;
		};
/* End PBXFrameworksBuildPhase section */

/* Begin PBXGroup section */
		080E96DDFE201D6D7F000001 /* Classes */ = {
			isa = PBXGroup;
			children = (
				302D95EE14D2391D003F00A1 /* MainViewController.h */,
				302D95EF14D2391D003F00A1 /* MainViewController.m */,
				302D95F014D2391D003F00A1 /* MainViewController.xib */,
				1D3623240D0F684500981E51 /* AppDelegate.h */,
				1D3623250D0F684500981E51 /* AppDelegate.m */,
			);
			name = Classes;
			path = "Agende-me/Classes";
			sourceTree = SOURCE_ROOT;
		};
		19C28FACFE9D520D11CA2CBB /* Products */ = {
			isa = PBXGroup;
			children = (
				1D6058910D05DD3D006BFB54 /* Agende-me.app */,
			);
			name = Products;
			sourceTree = "<group>";
		};
		29B97314FDCFA39411CA2CEA /* CustomTemplate */ = {
			isa = PBXGroup;
			children = (
				EB87FDF41871DAF40020F90C /* config.xml */,
				EB87FDF31871DA8E0020F90C /* www */,
				EB87FDF11871DA420020F90C /* Staging */,
				301BF52D109A57CC0062928A /* CordovaLib.xcodeproj */,
				080E96DDFE201D6D7F000001 /* Classes */,
				307C750510C5A3420062BCA9 /* Plugins */,
				29B97315FDCFA39411CA2CEA /* Other Sources */,
				29B97317FDCFA39411CA2CEA /* Resources */,
				29B97323FDCFA39411CA2CEA /* Frameworks */,
				19C28FACFE9D520D11CA2CBB /* Products */,
			);
			name = CustomTemplate;
			sourceTree = "<group>";
		};
		29B97315FDCFA39411CA2CEA /* Other Sources */ = {
			isa = PBXGroup;
			children = (
				32CA4F630368D1EE00C91783 /* Agende-me-Prefix.pch */,
				29B97316FDCFA39411CA2CEA /* main.m */,
				ED33DF2A687741AEAF9F8254 /* Bridging-Header.h */,
			);
			name = "Other Sources";
			path = "Agende-me";
			sourceTree = "<group>";
		};
		29B97317FDCFA39411CA2CEA /* Resources */ = {
			isa = PBXGroup;
			children = (
				0207DA571B56EA530066E2B4 /* Images.xcassets */,
				3047A50E1AB8057F00498E2A /* config */,
				8D1107310486CEB800E47090 /* Agende-me-Info.plist */,
				6AFF5BF81D6E424B00AB3073 /* CDVLaunchScreen.storyboard */,
				67A6800FA110418B88682121 /* CDVNotification.bundle */,
			);
			name = Resources;
			path = "Agende-me/Resources";
			sourceTree = "<group>";
		};
		29B97323FDCFA39411CA2CEA /* Frameworks */ = {
			isa = PBXGroup;
			children = (
				1D19EA8374AB471090D005F1 /* libz.tbd */,
				05D7208713D14F6F9F401826 /* AudioToolbox.framework */,
				24549DDF04064E789FDA0FF7 /* GoogleAppUtilities.framework */,
				10859B99F0324ECEB7347E29 /* GoogleAuthUtilities.framework */,
				CFAA281713304CFD815068C5 /* GoogleNetworkingUtilities.framework */,
				4DF1D44AEBD44F93A83137F9 /* GoogleSignIn.framework */,
				6A0B9CDF306B4F42A310BDF4 /* GoogleSymbolUtilities.framework */,
				6112374847D948C3BB1D4DC4 /* GoogleUtilities.framework */,
				1514424336864B679054A348 /* AddressBook.framework */,
				48304177412B4537A4682FE8 /* CoreText.framework */,
				42497E36DEEF44D8ABF7D00A /* SafariServices.framework */,
				F0C2720E20D8499A8342FE37 /* Security.framework */,
				745985616735439F98363B4B /* SystemConfiguration.framework */,
				C0CD726080C7449D87BEEA26 /* libz.dylib */,
				6D266824EBB344CD8EF042E3 /* CoreTelephony.framework */,
			);
			name = Frameworks;
			sourceTree = "<group>";
		};
		301BF52E109A57CC0062928A /* Products */ = {
			isa = PBXGroup;
			children = (
				301BF535109A57CC0062928A /* libCordova.a */,
			);
			name = Products;
			sourceTree = "<group>";
		};
		3047A50E1AB8057F00498E2A /* config */ = {
			isa = PBXGroup;
			children = (
				3047A50F1AB8059700498E2A /* build-debug.xcconfig */,
				3047A5101AB8059700498E2A /* build-release.xcconfig */,
				3047A5111AB8059700498E2A /* build.xcconfig */,
			);
			name = config;
			sourceTree = "<group>";
		};
		307C750510C5A3420062BCA9 /* Plugins */ = {
			isa = PBXGroup;
			children = (
				1EE11EAFC1484E48B62F3697 /* CDVLogger.m */,
				659DBB5614984CB2A2F514D7 /* CDVLogger.h */,
				2D4806561D784511B16CD86F /* CDVDevice.m */,
				36A3825CA98D453284D80692 /* CDVDevice.h */,
				52EDF8BE81F74EC6A2E56E95 /* CDVNotification.m */,
				0EF80E5983BF45DA9E7A330E /* CDVNotification.h */,
				961C7F6BC9D047299C87BC51 /* GooglePlus.m */,
				1AD29E671438445C9BECEAA8 /* GooglePlus.h */,
				06CD9096347649F79754D6F9 /* CDVInAppBrowser.m */,
				D4C97668736A443BA20FB864 /* CDVInAppBrowser.h */,
				6771844954184E7A9CD42BE5 /* CDVConnection.m */,
				B46FE158C5A24A06B7933F27 /* CDVReachability.m */,
				D1A9A81E52F746A7B8B28E37 /* CDVConnection.h */,
				66A0178CEF5F4F11B92E4E80 /* CDVReachability.h */,
				FC18DB9759CA4BA6BC64F837 /* CDVVibration.m */,
				6267B53824274522825DFE06 /* CDVVibration.h */,
				CA84B818803048B49D2931C8 /* CDVFile.m */,
				C4F74D7C06034F108387EEEA /* CDVLocalFilesystem.m */,
				0280F44B16C74501894DCE79 /* CDVAssetLibraryFilesystem.m */,
				BB5A9ABE3CCC42B9A1AC5193 /* CDVFile.h */,
				EDECD5EAEF4C4C48A1B0BD53 /* CDVLocalFilesystem.h */,
				7258761BAAC147179AA0334C /* CDVAssetLibraryFilesystem.h */,
				AD85BEC15AE142CDAAB2A308 /* CDVFileTransfer.m */,
				D553A0584F24437B9BAFB03C /* CDVFileTransfer.h */,
				E950978AF322451BAC789729 /* ZipPlugin.m */,
				2D07B8722EED466799932DD4 /* aescrypt.c */,
				E91CCE0F35C94FC08178AA9D /* aeskey.c */,
				6D970FEF8CF64D97BDF77465 /* aestab.c */,
				1AE0C31D48AC44D7B043715F /* entropy.c */,
				840693496A40450B98D2973D /* fileenc.c */,
				A7C0BDFCB2E14B42B4175B46 /* hmac.c */,
				4E81F156F71B4FDA95CC4D79 /* prng.c */,
				81CCDD825C264C9BA91EBE24 /* pwd2key.c */,
				99C6D2968F8B48F28B9B25AB /* sha1.c */,
				790BBAEA6511414788157A06 /* SSZipArchive.m */,
				3B80F0692D714494B6131D67 /* zip.c */,
				7082FCDE31B84CA3B77E28D2 /* unzip.c */,
				839A010BEA3444D7ACDE3B48 /* mztools.c */,
				E7555E8767F34B4FB9C297B8 /* ioapi.c */,
				2831DE12D0764C0BBC0F1BC1 /* ZipPlugin.h */,
				9EA4711E22CC4273B57EF2F5 /* Common.h */,
				227E6E4E0EF5467CA3892238 /* aes.h */,
				65C1F90DA3F74BF0907DDE33 /* aes_via_ace.h */,
				8D3855CDC7774ADB886B4F62 /* aesopt.h */,
				F09D7DB9F15B478FB020BCE0 /* aestab.h */,
				57F0F390DD4C48369BBAF58F /* brg_endian.h */,
				57F1F342EF3346559070CD51 /* brg_types.h */,
				B375D168EDAC4F5B9749284E /* entropy.h */,
				F2608A86D6194C2BA38F42F2 /* fileenc.h */,
				C6B9274AD3CD4D9CB714265B /* hmac.h */,
				BD0C7BB03A664076ADA6A646 /* prng.h */,
				F19B2D6D5044494BB520DCF2 /* pwd2key.h */,
				F6B8C0FB356A4CE7A2DF1245 /* sha1.h */,
				3BA43DCEF2CB414D8B9F765A /* SSZipArchive.h */,
				56D166B7854D40C39518DCBC /* zip.h */,
				01CAC1ED33EC4B368AC0199F /* unzip.h */,
				17449AE010CF41888DB9477B /* mztools.h */,
				C4F1B44ED0DE436AACD5E048 /* ioapi.h */,
				C79A4315FE9647EB86C31747 /* crypt.h */,
				83F117D149B5403C9C92F98E /* CDVWKWebViewEngine+CodePush.m */,
				2B73B522A0D943FF9C488E41 /* CodePush.m */,
				3964C8B6708F4786AB0CAE53 /* CodePushPackageMetadata.m */,
				B239D535455A4748A849C4B5 /* CodePushPackageManager.m */,
				3D9E54B1C4E94D9CAB3E0E0A /* CodePushReportingManager.m */,
				FFFA931F3C164131B040A4B4 /* InstallOptions.m */,
				E3EE8799F5354D4B9D0606D4 /* StatusReport.m */,
				9118C83920AD4AEAB28FA1B4 /* UpdateHashUtils.m */,
				81D98F604D274DB5A0FEA6AA /* Utilities.m */,
				EAF45514126546EDACA0797B /* CodePushJWTAlgorithmFactory.m */,
				0E9A1AC54B844B6680FA56AB /* CodePushJWTAlgorithmNone.m */,
				259F0F162B2840D9843E8EAD /* CodePushJWTAlgorithmESBase.m */,
				F91F1EC6C78542BFAAEC028C /* CodePushJWTAlgorithmDataHolder.m */,
				07CAF0C7F5B9422F897C27F8 /* CodePushJWTAlgorithmDataHolderChain.m */,
				CB640C4BADC64683B3525052 /* CodePushJWTAlgorithmHSBase.m */,
				C1A85489C9F649D18E1C2771 /* CodePushJWTAlgorithmRSBase.m */,
				A4E1761F4AEE48D2963C2B75 /* CodePushJWTCryptoKey.m */,
				9C43EE6020294582A8A77B0C /* CodePushJWTCryptoKeyExtractor.m */,
				E991B30D5F4D4F96A2F5EBDE /* CodePushJWTCryptoSecurity.m */,
				61E87F776D984504A8D709FC /* CodePushJWTClaim.m */,
				969A766A18F14E2882BFDC9E /* CodePushJWTClaimsSet.m */,
				73ECFE54193B45E18D78D641 /* CodePushJWTClaimsSetSerializer.m */,
				CDB7B8BA6F0447459CE0F27A /* CodePushJWTClaimsSetVerifier.m */,
				16D25090B3D444AB81909D15 /* CodePushJWTCoding+ResultTypes.m */,
				FCD0D6F969154778A4B0E591 /* CodePushJWTCoding+VersionOne.m */,
				160B559CFBF74453B7980704 /* CodePushJWTCoding+VersionThree.m */,
				893B01E018724F05B6BFC6FC /* CodePushJWTCoding+VersionTwo.m */,
				0BA1A26AD4824A9DACE9A211 /* CodePushJWTCoding.m */,
				2881955154C045BE95D0759E /* CodePushJWTBase64Coder.m */,
				7A36DCE715064226B5391327 /* CodePushJWTErrorDescription.m */,
				627197F530E84A1EB0E6CD3A /* CodePushMF_Base64Additions.m */,
				4C32DBCD8B1F408DBD86E870 /* CodePush.h */,
				8D143933197A4116997CFD0F /* CodePushPackageMetadata.h */,
				DF65B162647047159FAB5FE2 /* CodePushPackageManager.h */,
				D6E85A54298944EDBD433C80 /* CodePushReportingManager.h */,
				55296C5969654B14809B9778 /* InstallOptions.h */,
				BD397ACC90474E76B578318C /* InstallMode.h */,
				14FB31AED43F41DBAFEBE33F /* StatusReport.h */,
				1EE77FE2FA2C4F93A6D42A64 /* UpdateHashUtils.h */,
				D780DBE761F241EF80A6F74E /* Utilities.h */,
				1091504AE2604727AE92E65E /* CodePushJWTAlgorithm.h */,
				96318CF6AA2D4815878D1F99 /* CodePushJWTAlgorithmFactory.h */,
				2DD5E001E95844EA959C4FFE /* CodePushJWTAlgorithmNone.h */,
				77ABA291D4A3484A8157F0FA /* CodePushJWTAlgorithmESBase.h */,
				61C2B32E4699436E91D236EE /* CodePushJWTAlgorithmDataHolder.h */,
				2F8208728A3F4417809281CF /* CodePushJWTAlgorithmDataHolderChain.h */,
				E8D21EC783B04277A4F8CAC8 /* CodePushJWTAlgorithmHSBase.h */,
				D064E8CB20A24AF1B9C688C3 /* CodePushJWTAlgorithmRSBase.h */,
				8EE6AFD9CD054B5BA498417F /* CodePushJWTRSAlgorithm.h */,
				D2C9E35728F2428F8FF7637C /* CodePushJWTCryptoKey.h */,
				70B9A901595A4228A1C107C2 /* CodePushJWTCryptoKeyExtractor.h */,
				5D32863FCF7247038F9E8D0F /* CodePushJWTCryptoSecurity.h */,
				A77EDD882F0F44488AE468A6 /* CodePushJWTClaim.h */,
				22F7F036EE394375B0441023 /* CodePushJWTClaimsSet.h */,
				B54AA40165414E52B24A056B /* CodePushJWTClaimsSetSerializer.h */,
				CEE27B5C960045E78A845A39 /* CodePushJWTClaimsSetVerifier.h */,
				F4E5176D06804B86A4B2CA66 /* CodePushJWTCoding+ResultTypes.h */,
				A3CCE6B0DDC14E53BDCCE2CC /* CodePushJWTCoding+VersionOne.h */,
				E8B84689AA814F808A35C77A /* CodePushJWTCoding+VersionThree.h */,
				AADA24DF9786485CB9D29269 /* CodePushJWTCoding+VersionTwo.h */,
				C1F02B2165DE43FC9DCA32E3 /* CodePushJWTCoding.h */,
				377087B015F24B4897677A36 /* CodePushJWT.h */,
				DC9FB1528ABA4F20ACEAA217 /* CodePushJWTBase64Coder.h */,
				458CE5AEB5D0469688B57B6F /* CodePushJWTDeprecations.h */,
				94A9778210434BD7875F4AA0 /* CodePushJWTErrorDescription.h */,
				C6FAF6B13C1F438BA756ADE5 /* CodePushMF_Base64Additions.h */,
			);
			name = Plugins;
			path = "Agende-me/Plugins";
			sourceTree = SOURCE_ROOT;
		};
		EB87FDF11871DA420020F90C /* Staging */ = {
			isa = PBXGroup;
			children = (
				F840E1F0165FE0F500CFE078 /* config.xml */,
				301BF56E109A69640062928A /* www */,
			);
			name = Staging;
			sourceTree = "<group>";
		};
/* End PBXGroup section */

/* Begin PBXNativeTarget section */
		1D6058900D05DD3D006BFB54 /* Agende-me */ = {
			isa = PBXNativeTarget;
			buildConfigurationList = 1D6058960D05DD3E006BFB54 /* Build configuration list for PBXNativeTarget "Agende-me" */;
			buildPhases = (
				304B58A110DAC018002A0835 /* Copy www directory */,
				1D60588D0D05DD3D006BFB54 /* Resources */,
				1D60588E0D05DD3D006BFB54 /* Sources */,
				1D60588F0D05DD3D006BFB54 /* Frameworks */,
			);
			buildRules = (
			);
			dependencies = (
				301BF551109A68C00062928A /* PBXTargetDependency */,
			);
			name = "Agende-me";
			productName = "Agende-me";
			productReference = 1D6058910D05DD3D006BFB54 /* Agende-me.app */;
			productType = "com.apple.product-type.application";
		};
/* End PBXNativeTarget section */

/* Begin PBXProject section */
		29B97313FDCFA39411CA2CEA /* Project object */ = {
			isa = PBXProject;
			attributes = {
				LastUpgradeCheck = 510;
			};
			buildConfigurationList = C01FCF4E08A954540054247B /* Build configuration list for PBXProject "__NON-CLI__" */;
			compatibilityVersion = "Xcode 3.2";
			developmentRegion = English;
			hasScannedForEncodings = 1;
			mainGroup = 29B97314FDCFA39411CA2CEA /* CustomTemplate */;
			projectDirPath = "";
			projectReferences = (
				{
					ProductGroup = 301BF52E109A57CC0062928A /* Products */;
					ProjectRef = 301BF52D109A57CC0062928A /* CordovaLib.xcodeproj */;
				},
			);
			projectRoot = "";
			targets = (
				1D6058900D05DD3D006BFB54 /* Agende-me */,
			);
		};
/* End PBXProject section */

/* Begin PBXReferenceProxy section */
		301BF535109A57CC0062928A /* libCordova.a */ = {
			isa = PBXReferenceProxy;
			fileType = archive.ar;
			path = libCordova.a;
			remoteRef = 301BF534109A57CC0062928A /* PBXContainerItemProxy */;
			sourceTree = BUILT_PRODUCTS_DIR;
		};
/* End PBXReferenceProxy section */

/* Begin PBXResourcesBuildPhase section */
		1D60588D0D05DD3D006BFB54 /* Resources */ = {
			isa = PBXResourcesBuildPhase;
			buildActionMask = 2147483647;
			files = (
				302D95F214D2391D003F00A1 /* MainViewController.xib in Resources */,
				0207DA581B56EA530066E2B4 /* Images.xcassets in Resources */,
				6AFF5BF91D6E424B00AB3073 /* CDVLaunchScreen.storyboard in Resources */,
				237D46A7B23749059ED2BF3B /* CDVNotification.bundle in Resources */,
			);
			runOnlyForDeploymentPostprocessing = 0;
		};
/* End PBXResourcesBuildPhase section */

/* Begin PBXShellScriptBuildPhase section */
		304B58A110DAC018002A0835 /* Copy www directory */ = {
			isa = PBXShellScriptBuildPhase;
			buildActionMask = 2147483647;
			files = (
			);
			inputPaths = (
			);
			name = "Copy www directory";
			outputPaths = (
			);
			runOnlyForDeploymentPostprocessing = 0;
			shellPath = /bin/sh;
			shellScript = "NODEJS_PATH=/usr/local/bin; NVM_NODE_PATH=~/.nvm/versions/node/`nvm version 2>/dev/null`/bin; N_NODE_PATH=`find /usr/local/n/versions/node/* -maxdepth 0 -type d 2>/dev/null | tail -1`/bin; XCODE_NODE_PATH=`xcode-select --print-path`/usr/share/xcs/Node/bin; PATH=$NODEJS_PATH:$NVM_NODE_PATH:$N_NODE_PATH:$XCODE_NODE_PATH:$PATH && node cordova/lib/copy-www-build-step.js";
			showEnvVarsInLog = 0;
		};
/* End PBXShellScriptBuildPhase section */

/* Begin PBXSourcesBuildPhase section */
		1D60588E0D05DD3D006BFB54 /* Sources */ = {
			isa = PBXSourcesBuildPhase;
			buildActionMask = 2147483647;
			files = (
				1D60589B0D05DD56006BFB54 /* main.m in Sources */,
				1D3623260D0F684500981E51 /* AppDelegate.m in Sources */,
				302D95F114D2391D003F00A1 /* MainViewController.m in Sources */,
				2956AC2E8EDE4C6E9CAF24C0 /* CDVLogger.m in Sources */,
				3CD934DE2317421C8D17ABE2 /* CDVDevice.m in Sources */,
				20C1BF5A2DEA4D77A6B6A514 /* CDVNotification.m in Sources */,
				E27932486A6A4360A5E7BAFD /* GooglePlus.m in Sources */,
				8A84F9F1930B4C7FB4095C8E /* CDVInAppBrowser.m in Sources */,
				369E5FB510B64D16B54B9593 /* CDVConnection.m in Sources */,
				318EE121CA0A4591902E66F2 /* CDVReachability.m in Sources */,
				610804D4E3AC4762BB630EC1 /* CDVVibration.m in Sources */,
				C211B4BD52D547A296FCF4C6 /* CDVFile.m in Sources */,
				0177DBB7DA8A4120BEC7C8EC /* CDVLocalFilesystem.m in Sources */,
				B886895BF5AE4A50BAF0FDD5 /* CDVAssetLibraryFilesystem.m in Sources */,
				E298C4F437C54133A6102440 /* CDVFileTransfer.m in Sources */,
				235077D602A444D9B437B482 /* ZipPlugin.m in Sources */,
				D0F2AF558E1E464FA4D6BC71 /* aescrypt.c in Resources */,
				B0AF1E13BC124CE8A7C29078 /* aeskey.c in Resources */,
				98436160CAA746D484677DD6 /* aestab.c in Resources */,
				D5DF68D8043A482BA931B898 /* entropy.c in Resources */,
				BABA97DE844C4EE0BC2AD0BA /* fileenc.c in Resources */,
				6E291B9C142A490AA7AC946F /* hmac.c in Resources */,
				B427A91CE0514EF9BC60EDCF /* prng.c in Resources */,
				09957192E0DF4C62B31893E9 /* pwd2key.c in Resources */,
				5ABEC0904AEE484F8C3589AE /* sha1.c in Resources */,
				2D231BE4E1A04E118B834C8A /* SSZipArchive.m in Sources */,
				338256010A1D46429B79D3F5 /* zip.c in Resources */,
				8B5C9BCD23E94BDAA24CB37A /* unzip.c in Resources */,
				2F73323312BE400AA37192A9 /* mztools.c in Resources */,
				839B60B8F7E5469F9E416E81 /* ioapi.c in Resources */,
				D7EA9874645046368D2F8649 /* CDVWKWebViewEngine+CodePush.m in Sources */,
				7221241795224280B9716D1E /* CodePush.m in Sources */,
				3D4E0C4580414998A9D0F9CA /* CodePushPackageMetadata.m in Sources */,
				BAC9669F3AE54D138BF3B9F6 /* CodePushPackageManager.m in Sources */,
				B7B3B71AF20A4D2298E309F4 /* CodePushReportingManager.m in Sources */,
				D113E7BA6E2548F49E49E09D /* InstallOptions.m in Sources */,
				9580837D38BB45049D41BA3A /* StatusReport.m in Sources */,
				A2CAF333347F470695B6748F /* UpdateHashUtils.m in Sources */,
				B38EECCBC27D4BE7B5707671 /* Utilities.m in Sources */,
				2F39143C7E864BB6BAC7B343 /* CodePushJWTAlgorithmFactory.m in Sources */,
				4AFCCFB54E2A4E1BB3DAABDB /* CodePushJWTAlgorithmNone.m in Sources */,
				C14E207F68124AEB9FDE8248 /* CodePushJWTAlgorithmESBase.m in Sources */,
				BBCEFB1DF361499A844716CA /* CodePushJWTAlgorithmDataHolder.m in Sources */,
				282CE2D3060340E1930CC99A /* CodePushJWTAlgorithmDataHolderChain.m in Sources */,
				39C5DA17E1DC4B82813767E3 /* CodePushJWTAlgorithmHSBase.m in Sources */,
				CF9152147A934C829005DDF1 /* CodePushJWTAlgorithmRSBase.m in Sources */,
				81F1BB36271F47E188F6388C /* CodePushJWTCryptoKey.m in Sources */,
				0051686A4D1E4A529A1B53FC /* CodePushJWTCryptoKeyExtractor.m in Sources */,
				608FDB1E7E8A4B3F9C07758A /* CodePushJWTCryptoSecurity.m in Sources */,
				F6553581271C47E9A1D9E843 /* CodePushJWTClaim.m in Sources */,
				BA935916B7FE466095CB7C1B /* CodePushJWTClaimsSet.m in Sources */,
				D4387E3DFA214954B400E25F /* CodePushJWTClaimsSetSerializer.m in Sources */,
				C58BD67CE54C49CEA787F979 /* CodePushJWTClaimsSetVerifier.m in Sources */,
				021FADE9155D40C3A5A8F1AB /* CodePushJWTCoding+ResultTypes.m in Sources */,
				6815EA0B8A764C799D24F9F8 /* CodePushJWTCoding+VersionOne.m in Sources */,
				4A5DD375094C428C98082010 /* CodePushJWTCoding+VersionThree.m in Sources */,
				C8EA48FA97DD4DA58641C27C /* CodePushJWTCoding+VersionTwo.m in Sources */,
				9B1A5A23A4FE4D268D7954D2 /* CodePushJWTCoding.m in Sources */,
				22B7F455FAD84E82BC899285 /* CodePushJWTBase64Coder.m in Sources */,
				B051E2E80EFF498B91A86C6D /* CodePushJWTErrorDescription.m in Sources */,
				FE1E10C2DD484F038B4B3370 /* CodePushMF_Base64Additions.m in Sources */,
			);
			runOnlyForDeploymentPostprocessing = 0;
		};
/* End PBXSourcesBuildPhase section */

/* Begin PBXTargetDependency section */
		301BF551109A68C00062928A /* PBXTargetDependency */ = {
			isa = PBXTargetDependency;
			name = CordovaLib;
			targetProxy = 301BF550109A68C00062928A /* PBXContainerItemProxy */;
		};
/* End PBXTargetDependency section */

/* Begin XCBuildConfiguration section */
		1D6058940D05DD3E006BFB54 /* Debug */ = {
			isa = XCBuildConfiguration;
			baseConfigurationReference = 3047A50F1AB8059700498E2A /* build-debug.xcconfig */;
			buildSettings = {
				ALWAYS_SEARCH_USER_PATHS = NO;
				ASSETCATALOG_COMPILER_APPICON_NAME = AppIcon;
				ASSETCATALOG_COMPILER_LAUNCHIMAGE_NAME = LaunchImage;
				CLANG_ENABLE_MODULES = YES;
				CLANG_ENABLE_OBJC_ARC = YES;
				COPY_PHASE_STRIP = NO;
				GCC_DYNAMIC_NO_PIC = NO;
				GCC_OPTIMIZATION_LEVEL = 0;
				GCC_PRECOMPILE_PREFIX_HEADER = YES;
				GCC_PREFIX_HEADER = "Agende-me/Agende-me-Prefix.pch";
				GCC_THUMB_SUPPORT = NO;
				GCC_VERSION = "";
				INFOPLIST_FILE = "Agende-me/Agende-me-Info.plist";
				IPHONEOS_DEPLOYMENT_TARGET = 9.0;
				LD_RUNPATH_SEARCH_PATHS = "@executable_path/Frameworks";
				TARGETED_DEVICE_FAMILY = "1,2";
				PRODUCT_NAME = "Agende-me";
				FRAMEWORK_SEARCH_PATHS = (
					"$(inherited)",
					"\"Agende-me/Plugins/cordova-plugin-googleplus\"",
					"\"Agende-me/Plugins/cordova-plugin-googleplus\"",
					"\"Agende-me/Plugins/cordova-plugin-googleplus\"",
					"\"Agende-me/Plugins/cordova-plugin-googleplus\"",
					"\"Agende-me/Plugins/cordova-plugin-googleplus\"",
					"\"Agende-me/Plugins/cordova-plugin-googleplus\"",
				);
			};
			name = Debug;
		};
		1D6058950D05DD3E006BFB54 /* Release */ = {
			isa = XCBuildConfiguration;
			baseConfigurationReference = 3047A5101AB8059700498E2A /* build-release.xcconfig */;
			buildSettings = {
				ALWAYS_SEARCH_USER_PATHS = NO;
				ASSETCATALOG_COMPILER_APPICON_NAME = AppIcon;
				ASSETCATALOG_COMPILER_LAUNCHIMAGE_NAME = LaunchImage;
				CLANG_ENABLE_MODULES = YES;
				CLANG_ENABLE_OBJC_ARC = YES;
				COPY_PHASE_STRIP = YES;
				GCC_PRECOMPILE_PREFIX_HEADER = YES;
				GCC_PREFIX_HEADER = "Agende-me/Agende-me-Prefix.pch";
				GCC_THUMB_SUPPORT = NO;
				GCC_VERSION = "";
				INFOPLIST_FILE = "Agende-me/Agende-me-Info.plist";
				IPHONEOS_DEPLOYMENT_TARGET = 9.0;
				LD_RUNPATH_SEARCH_PATHS = "@executable_path/Frameworks";
				TARGETED_DEVICE_FAMILY = "1,2";
				PRODUCT_NAME = "Agende-me";
				FRAMEWORK_SEARCH_PATHS = (
					"$(inherited)",
					"\"Agende-me/Plugins/cordova-plugin-googleplus\"",
					"\"Agende-me/Plugins/cordova-plugin-googleplus\"",
					"\"Agende-me/Plugins/cordova-plugin-googleplus\"",
					"\"Agende-me/Plugins/cordova-plugin-googleplus\"",
					"\"Agende-me/Plugins/cordova-plugin-googleplus\"",
					"\"Agende-me/Plugins/cordova-plugin-googleplus\"",
				);
			};
			name = Release;
		};
		C01FCF4F08A954540054247B /* Debug */ = {
			isa = XCBuildConfiguration;
			baseConfigurationReference = 3047A5111AB8059700498E2A /* build.xcconfig */;
			buildSettings = {
				CLANG_ENABLE_MODULES = YES;
				CLANG_ENABLE_OBJC_ARC = YES;
				CLANG_WARN_BOOL_CONVERSION = YES;
				CLANG_WARN_CONSTANT_CONVERSION = YES;
				CLANG_WARN_EMPTY_BODY = YES;
				CLANG_WARN_ENUM_CONVERSION = YES;
				CLANG_WARN_INT_CONVERSION = YES;
				CLANG_WARN__DUPLICATE_METHOD_MATCH = YES;
				GCC_C_LANGUAGE_STANDARD = c99;
				GCC_THUMB_SUPPORT = NO;
				GCC_VERSION = "";
				GCC_WARN_ABOUT_RETURN_TYPE = YES;
				GCC_WARN_UNDECLARED_SELECTOR = YES;
				GCC_WARN_UNINITIALIZED_AUTOS = YES;
				GCC_WARN_UNUSED_FUNCTION = YES;
				GCC_WARN_UNUSED_VARIABLE = YES;
				ONLY_ACTIVE_ARCH = YES;
				SDKROOT = iphoneos;
				SKIP_INSTALL = NO;
				ASSETCATALOG_COMPILER_LAUNCHIMAGE_NAME = LaunchImage;
			};
			name = Debug;
		};
		C01FCF5008A954540054247B /* Release */ = {
			isa = XCBuildConfiguration;
			baseConfigurationReference = 3047A5111AB8059700498E2A /* build.xcconfig */;
			buildSettings = {
				CLANG_ENABLE_MODULES = YES;
				CLANG_ENABLE_OBJC_ARC = YES;
				CLANG_WARN_BOOL_CONVERSION = YES;
				CLANG_WARN_CONSTANT_CONVERSION = YES;
				CLANG_WARN_EMPTY_BODY = YES;
				CLANG_WARN_ENUM_CONVERSION = YES;
				CLANG_WARN_INT_CONVERSION = YES;
				CLANG_WARN__DUPLICATE_METHOD_MATCH = YES;
				GCC_C_LANGUAGE_STANDARD = c99;
				GCC_THUMB_SUPPORT = NO;
				GCC_VERSION = "";
				GCC_WARN_ABOUT_RETURN_TYPE = YES;
				GCC_WARN_UNDECLARED_SELECTOR = YES;
				GCC_WARN_UNINITIALIZED_AUTOS = YES;
				GCC_WARN_UNUSED_FUNCTION = YES;
				GCC_WARN_UNUSED_VARIABLE = YES;
				SDKROOT = iphoneos;
				SKIP_INSTALL = NO;
				ASSETCATALOG_COMPILER_LAUNCHIMAGE_NAME = LaunchImage;
			};
			name = Release;
		};
/* End XCBuildConfiguration section */

/* Begin XCConfigurationList section */
		1D6058960D05DD3E006BFB54 /* Build configuration list for PBXNativeTarget "Agende-me" */ = {
			isa = XCConfigurationList;
			buildConfigurations = (
				1D6058940D05DD3E006BFB54 /* Debug */,
				1D6058950D05DD3E006BFB54 /* Release */,
			);
			defaultConfigurationIsVisible = 0;
			defaultConfigurationName = Release;
		};
		C01FCF4E08A954540054247B /* Build configuration list for PBXProject "__NON-CLI__" */ = {
			isa = XCConfigurationList;
			buildConfigurations = (
				C01FCF4F08A954540054247B /* Debug */,
				C01FCF5008A954540054247B /* Release */,
			);
			defaultConfigurationIsVisible = 0;
			defaultConfigurationName = Release;
		};
/* End XCConfigurationList section */
	};
	rootObject = 29B97313FDCFA39411CA2CEA /* Project object */;
}
